// !$*UTF8*$!
{
	archiveVersion = 1;
	classes = {
	};
	objectVersion = 56;
	objects = {

/* Begin PBXBuildFile section */
		A921F616429728009B315848 /* Pods_Momtaz_IOS.framework in Frameworks */ = {isa = PBXBuildFile; fileRef = 9147FD68114BE36E11ECE4DB /* Pods_Momtaz_IOS.framework */; };
		D30FD6CF2D04AFBF00F7AAC7 /* AuthNavigationController.swift in Sources */ = {isa = PBXBuildFile; fileRef = D30FD6CE2D04AFBF00F7AAC7 /* AuthNavigationController.swift */; };
		D31B21632D1EA37600E95862 /* LessonResponse.swift in Sources */ = {isa = PBXBuildFile; fileRef = D31B21622D1EA37600E95862 /* LessonResponse.swift */; };
		D31B21652D24478C00E95862 /* WorkAgendaViewModel.swift in Sources */ = {isa = PBXBuildFile; fileRef = D31B21642D24478C00E95862 /* WorkAgendaViewModel.swift */; };
		D31B21672D25C4A200E95862 /* DateFormatterHelper.swift in Sources */ = {isa = PBXBuildFile; fileRef = D31B21662D25C4A200E95862 /* DateFormatterHelper.swift */; };
		D31B21692D25CCB000E95862 /* HelperFunctions.swift in Sources */ = {isa = PBXBuildFile; fileRef = D31B21682D25CCB000E95862 /* HelperFunctions.swift */; };
		D31C8DF52D060F3C00A8EA1A /* ValidationService.swift in Sources */ = {isa = PBXBuildFile; fileRef = D31C8DF42D060F3C00A8EA1A /* ValidationService.swift */; };
		D31C8DF72D060F7D00A8EA1A /* ValidationError.swift in Sources */ = {isa = PBXBuildFile; fileRef = D31C8DF62D060F7D00A8EA1A /* ValidationError.swift */; };
		D31C8DF92D06128C00A8EA1A /* RegularExcepression.swift in Sources */ = {isa = PBXBuildFile; fileRef = D31C8DF82D06128C00A8EA1A /* RegularExcepression.swift */; };
		D31C8DFB2D061A7800A8EA1A /* LoginViewModel.swift in Sources */ = {isa = PBXBuildFile; fileRef = D31C8DFA2D061A7800A8EA1A /* LoginViewModel.swift */; };
		D31C8DFD2D061B4C00A8EA1A /* SignUpViewModel.swift in Sources */ = {isa = PBXBuildFile; fileRef = D31C8DFC2D061B4C00A8EA1A /* SignUpViewModel.swift */; };
		D32C2AFB2D416838004B6022 /* ReservationDetailsViewController.swift in Sources */ = {isa = PBXBuildFile; fileRef = D32C2AF92D416838004B6022 /* ReservationDetailsViewController.swift */; };
		D32C2AFC2D416838004B6022 /* ReservationDetailsViewController.xib in Resources */ = {isa = PBXBuildFile; fileRef = D32C2AFA2D416838004B6022 /* ReservationDetailsViewController.xib */; };
		D32C2AFE2D4171DD004B6022 /* ReservationDetailsViewModel.swift in Sources */ = {isa = PBXBuildFile; fileRef = D32C2AFD2D4171DD004B6022 /* ReservationDetailsViewModel.swift */; };
		D32C2B002D4197ED004B6022 /* DeleteBookingResponse.swift in Sources */ = {isa = PBXBuildFile; fileRef = D32C2AFF2D4197ED004B6022 /* DeleteBookingResponse.swift */; };
		D342E33A2D2EB6740025EDFE /* StudentDetailsView.swift in Sources */ = {isa = PBXBuildFile; fileRef = D342E3392D2EB6740025EDFE /* StudentDetailsView.swift */; };
		D342E33C2D2EB6850025EDFE /* StudentDetailsView.xib in Resources */ = {isa = PBXBuildFile; fileRef = D342E33B2D2EB6850025EDFE /* StudentDetailsView.xib */; };
		D342E33E2D2F62770025EDFE /* AddReviewViewModel.swift in Sources */ = {isa = PBXBuildFile; fileRef = D342E33D2D2F62770025EDFE /* AddReviewViewModel.swift */; };
		D342E3402D2F684A0025EDFE /* AddReportResponse.swift in Sources */ = {isa = PBXBuildFile; fileRef = D342E33F2D2F684A0025EDFE /* AddReportResponse.swift */; };
		D356C07F2D463797004767FE /* ReportTableViewCell.xib in Resources */ = {isa = PBXBuildFile; fileRef = D356C07E2D463797004767FE /* ReportTableViewCell.xib */; };
		D356C0802D463797004767FE /* ReportTableViewCell.swift in Sources */ = {isa = PBXBuildFile; fileRef = D356C07D2D463797004767FE /* ReportTableViewCell.swift */; };
		D356C0822D46426F004767FE /* ReportsResponse.swift in Sources */ = {isa = PBXBuildFile; fileRef = D356C0812D46426F004767FE /* ReportsResponse.swift */; };
		D356C0842D468079004767FE /* ReportsViewModel.swift in Sources */ = {isa = PBXBuildFile; fileRef = D356C0832D468079004767FE /* ReportsViewModel.swift */; };
		D36599342D1E9BE40062B09C /* LessonTableViewCell.xib in Resources */ = {isa = PBXBuildFile; fileRef = D36599332D1E9BE40062B09C /* LessonTableViewCell.xib */; };
		D36599352D1E9BE40062B09C /* LessonTableViewCell.swift in Sources */ = {isa = PBXBuildFile; fileRef = D36599322D1E9BE40062B09C /* LessonTableViewCell.swift */; };
		D36E516A2D145FFF007BECC7 /* MainNavigationController.swift in Sources */ = {isa = PBXBuildFile; fileRef = D36E51692D145FFF007BECC7 /* MainNavigationController.swift */; };
		D36E516C2D1481B1007BECC7 /* CustomBadgeButtonView.swift in Sources */ = {isa = PBXBuildFile; fileRef = D36E516B2D1481B1007BECC7 /* CustomBadgeButtonView.swift */; };
		D37DD9E12D43E2CC006FF563 /* StudentTableViewCell.swift in Sources */ = {isa = PBXBuildFile; fileRef = D37DD9DF2D43E2CC006FF563 /* StudentTableViewCell.swift */; };
		D37DD9E22D43E2CC006FF563 /* StudentTableViewCell.xib in Resources */ = {isa = PBXBuildFile; fileRef = D37DD9E02D43E2CC006FF563 /* StudentTableViewCell.xib */; };
		D37DD9E42D43E7D4006FF563 /* TeacherStudentsResponse.swift in Sources */ = {isa = PBXBuildFile; fileRef = D37DD9E32D43E7D4006FF563 /* TeacherStudentsResponse.swift */; };
		D37DD9E62D43FBE6006FF563 /* StudentsViewModel.swift in Sources */ = {isa = PBXBuildFile; fileRef = D37DD9E52D43FBE6006FF563 /* StudentsViewModel.swift */; };
		D37F461E2D2CC6FF001E294A /* CustomBannerView.swift in Sources */ = {isa = PBXBuildFile; fileRef = D37F461D2D2CC6FF001E294A /* CustomBannerView.swift */; };
		D37F46212D2CE20E001E294A /* NotificationCenterExtentions.swift in Sources */ = {isa = PBXBuildFile; fileRef = D37F46202D2CE20E001E294A /* NotificationCenterExtentions.swift */; };
		D38262AF2D041F980086CB1E /* Alert.swift in Sources */ = {isa = PBXBuildFile; fileRef = D38262AE2D041F980086CB1E /* Alert.swift */; };
		D392D64C2D3082710063B447 /* DateTableViewCell.swift in Sources */ = {isa = PBXBuildFile; fileRef = D392D64A2D3082710063B447 /* DateTableViewCell.swift */; };
		D392D64D2D3082710063B447 /* DateTableViewCell.xib in Resources */ = {isa = PBXBuildFile; fileRef = D392D64B2D3082710063B447 /* DateTableViewCell.xib */; };
		D392D64F2D3086200063B447 /* AvailabileLessonTimePerDayResponse.swift in Sources */ = {isa = PBXBuildFile; fileRef = D392D64E2D3086200063B447 /* AvailabileLessonTimePerDayResponse.swift */; };
		D392D6512D308AF10063B447 /* ChangeLessonDateViewModel.swift in Sources */ = {isa = PBXBuildFile; fileRef = D392D6502D308AF10063B447 /* ChangeLessonDateViewModel.swift */; };
		D3A01AF72D05D613008AE4A0 /* LoginViewController.swift in Sources */ = {isa = PBXBuildFile; fileRef = D3A01AF52D05D613008AE4A0 /* LoginViewController.swift */; };
		D3A01AF82D05D613008AE4A0 /* LoginViewController.xib in Resources */ = {isa = PBXBuildFile; fileRef = D3A01AF62D05D613008AE4A0 /* LoginViewController.xib */; };
		D3A01AFD2D05D786008AE4A0 /* SignUpViewController.swift in Sources */ = {isa = PBXBuildFile; fileRef = D3A01AFB2D05D786008AE4A0 /* SignUpViewController.swift */; };
		D3A01AFE2D05D786008AE4A0 /* SignUpViewController.xib in Resources */ = {isa = PBXBuildFile; fileRef = D3A01AFC2D05D786008AE4A0 /* SignUpViewController.xib */; };
		D3A01B032D05D891008AE4A0 /* ForgetPasswordViewController.swift in Sources */ = {isa = PBXBuildFile; fileRef = D3A01B012D05D891008AE4A0 /* ForgetPasswordViewController.swift */; };
		D3A01B042D05D891008AE4A0 /* ForgetPasswordViewController.xib in Resources */ = {isa = PBXBuildFile; fileRef = D3A01B022D05D891008AE4A0 /* ForgetPasswordViewController.xib */; };
		D3A45DBA2D3FA7A500168C38 /* ClassBillViewController.swift in Sources */ = {isa = PBXBuildFile; fileRef = D3A45DB82D3FA7A500168C38 /* ClassBillViewController.swift */; };
		D3A45DBB2D3FA7A500168C38 /* ClassBillViewController.xib in Resources */ = {isa = PBXBuildFile; fileRef = D3A45DB92D3FA7A500168C38 /* ClassBillViewController.xib */; };
		D3A45DBD2D3FCBB300168C38 /* reservationViewModel.swift in Sources */ = {isa = PBXBuildFile; fileRef = D3A45DBC2D3FCBB300168C38 /* reservationViewModel.swift */; };
		D3A5DF432D31F8490080E807 /* UpdateLessonDateResponse.swift in Sources */ = {isa = PBXBuildFile; fileRef = D3A5DF422D31F8490080E807 /* UpdateLessonDateResponse.swift */; };
		D3AA2E962D3F2C7100641025 /* TeacherBookingsResponse.swift in Sources */ = {isa = PBXBuildFile; fileRef = D3AA2E952D3F2C7100641025 /* TeacherBookingsResponse.swift */; };
		D3AA2E9B2D3F455100641025 /* notHavebookings.swift in Sources */ = {isa = PBXBuildFile; fileRef = D3AA2E9A2D3F455100641025 /* notHavebookings.swift */; };
		D3AA2E9E2D3F63BB00641025 /* teacherBookingTableViewCell.xib in Resources */ = {isa = PBXBuildFile; fileRef = D3AA2E9D2D3F63BB00641025 /* teacherBookingTableViewCell.xib */; };
		D3AA2E9F2D3F63BB00641025 /* teacherBookingTableViewCell.swift in Sources */ = {isa = PBXBuildFile; fileRef = D3AA2E9C2D3F63BB00641025 /* teacherBookingTableViewCell.swift */; };
		D3C17B2B2D10804D0018BDE5 /* NetworkManagerProtocol.swift in Sources */ = {isa = PBXBuildFile; fileRef = D3C17B2A2D10804D0018BDE5 /* NetworkManagerProtocol.swift */; };
		D3C17B2D2D10805A0018BDE5 /* NetworkManager.swift in Sources */ = {isa = PBXBuildFile; fileRef = D3C17B2C2D10805A0018BDE5 /* NetworkManager.swift */; };
		D3C17B2F2D10806C0018BDE5 /* URLs.swift in Sources */ = {isa = PBXBuildFile; fileRef = D3C17B2E2D10806C0018BDE5 /* URLs.swift */; };
		D3C17B312D10807C0018BDE5 /* UserDefaults.swift in Sources */ = {isa = PBXBuildFile; fileRef = D3C17B302D10807C0018BDE5 /* UserDefaults.swift */; };
		D3C17B352D10C2340018BDE5 /* LogInResponse.swift in Sources */ = {isa = PBXBuildFile; fileRef = D3C17B342D10C2340018BDE5 /* LogInResponse.swift */; };
		D3D1A1652D260573003B16E5 /* ConnectivityManager.swift in Sources */ = {isa = PBXBuildFile; fileRef = D3D1A1642D260573003B16E5 /* ConnectivityManager.swift */; };
		D3D1A1692D262383003B16E5 /* NoInternetView.swift in Sources */ = {isa = PBXBuildFile; fileRef = D3D1A1682D262383003B16E5 /* NoInternetView.swift */; };
		D3D1A16B2D2646DE003B16E5 /* NoLessonsToDay.swift in Sources */ = {isa = PBXBuildFile; fileRef = D3D1A16A2D2646DE003B16E5 /* NoLessonsToDay.swift */; };
		D3DB469F2D2B519F004C1DA8 /* ShowReviewViewController.swift in Sources */ = {isa = PBXBuildFile; fileRef = D3DB469D2D2B519F004C1DA8 /* ShowReviewViewController.swift */; };
		D3DB46A02D2B519F004C1DA8 /* ShowReviewViewController.xib in Resources */ = {isa = PBXBuildFile; fileRef = D3DB469E2D2B519F004C1DA8 /* ShowReviewViewController.xib */; };
		D3DB46A52D2B5BD8004C1DA8 /* AddReviewViewController.swift in Sources */ = {isa = PBXBuildFile; fileRef = D3DB46A32D2B5BD8004C1DA8 /* AddReviewViewController.swift */; };
		D3DB46A62D2B5BD8004C1DA8 /* AddReviewViewController.xib in Resources */ = {isa = PBXBuildFile; fileRef = D3DB46A42D2B5BD8004C1DA8 /* AddReviewViewController.xib */; };
		D3DB46AC2D2B628D004C1DA8 /* ChangeLessonDateViewController.swift in Sources */ = {isa = PBXBuildFile; fileRef = D3DB46AA2D2B628D004C1DA8 /* ChangeLessonDateViewController.swift */; };
		D3DB46AD2D2B628D004C1DA8 /* ChangeLessonDateViewController.xib in Resources */ = {isa = PBXBuildFile; fileRef = D3DB46AB2D2B628D004C1DA8 /* ChangeLessonDateViewController.xib */; };
		D3DB46AF2D2B684A004C1DA8 /* imageViewExtentions.swift in Sources */ = {isa = PBXBuildFile; fileRef = D3DB46AE2D2B684A004C1DA8 /* imageViewExtentions.swift */; };
		D3DB46B32D2B85B9004C1DA8 /* buttonExtentions.swift in Sources */ = {isa = PBXBuildFile; fileRef = D3DB46B22D2B85B9004C1DA8 /* buttonExtentions.swift */; };
		D3DB46B62D2B8F95004C1DA8 /* WorkAgendaDetailsViewModel.swift in Sources */ = {isa = PBXBuildFile; fileRef = D3DB46B52D2B8F95004C1DA8 /* WorkAgendaDetailsViewModel.swift */; };
		D3DC39D62D133F4A00E98447 /* SignUpResponse.swift in Sources */ = {isa = PBXBuildFile; fileRef = D3DC39D52D133F4A00E98447 /* SignUpResponse.swift */; };
		D3DC39D92D134DE300E98447 /* MainTabBar.swift in Sources */ = {isa = PBXBuildFile; fileRef = D3DC39D82D134DE300E98447 /* MainTabBar.swift */; };
		D3DC39E92D134F0C00E98447 /* StudentsViewController.xib in Resources */ = {isa = PBXBuildFile; fileRef = D3DC39E82D134F0C00E98447 /* StudentsViewController.xib */; };
		D3DC39EA2D134F0C00E98447 /* StudentsViewController.swift in Sources */ = {isa = PBXBuildFile; fileRef = D3DC39E72D134F0C00E98447 /* StudentsViewController.swift */; };
		D3DC39ED2D134F2700E98447 /* ReportsViewController.xib in Resources */ = {isa = PBXBuildFile; fileRef = D3DC39EC2D134F2700E98447 /* ReportsViewController.xib */; };
		D3DC39EE2D134F2700E98447 /* ReportsViewController.swift in Sources */ = {isa = PBXBuildFile; fileRef = D3DC39EB2D134F2700E98447 /* ReportsViewController.swift */; };
		D3DC39F12D134F3600E98447 /* ReservationsViewController.xib in Resources */ = {isa = PBXBuildFile; fileRef = D3DC39F02D134F3600E98447 /* ReservationsViewController.xib */; };
		D3DC39F22D134F3600E98447 /* ReservationsViewController.swift in Sources */ = {isa = PBXBuildFile; fileRef = D3DC39EF2D134F3600E98447 /* ReservationsViewController.swift */; };
		D3DC39F52D134F4400E98447 /* WorkAgendaViewController.xib in Resources */ = {isa = PBXBuildFile; fileRef = D3DC39F42D134F4400E98447 /* WorkAgendaViewController.xib */; };
		D3DC39F62D134F4400E98447 /* WorkAgendaViewController.swift in Sources */ = {isa = PBXBuildFile; fileRef = D3DC39F32D134F4400E98447 /* WorkAgendaViewController.swift */; };
		D3FA96AB2D0119400058C8D1 /* AppDelegate.swift in Sources */ = {isa = PBXBuildFile; fileRef = D3FA96AA2D0119400058C8D1 /* AppDelegate.swift */; };
		D3FA96AD2D0119400058C8D1 /* SceneDelegate.swift in Sources */ = {isa = PBXBuildFile; fileRef = D3FA96AC2D0119400058C8D1 /* SceneDelegate.swift */; };
		D3FA96B52D0119400058C8D1 /* Momtaz_IOS.xcdatamodeld in Sources */ = {isa = PBXBuildFile; fileRef = D3FA96B32D0119400058C8D1 /* Momtaz_IOS.xcdatamodeld */; };
		D3FA96B72D0119420058C8D1 /* Assets.xcassets in Resources */ = {isa = PBXBuildFile; fileRef = D3FA96B62D0119420058C8D1 /* Assets.xcassets */; };
		D3FA96BA2D0119420058C8D1 /* Base in Resources */ = {isa = PBXBuildFile; fileRef = D3FA96B92D0119420058C8D1 /* Base */; };
		D3FA96C52D0119420058C8D1 /* Momtaz_IOSTests.swift in Sources */ = {isa = PBXBuildFile; fileRef = D3FA96C42D0119420058C8D1 /* Momtaz_IOSTests.swift */; };
		D3FA96CF2D0119420058C8D1 /* Momtaz_IOSUITests.swift in Sources */ = {isa = PBXBuildFile; fileRef = D3FA96CE2D0119420058C8D1 /* Momtaz_IOSUITests.swift */; };
		D3FA96D12D0119420058C8D1 /* Momtaz_IOSUITestsLaunchTests.swift in Sources */ = {isa = PBXBuildFile; fileRef = D3FA96D02D0119420058C8D1 /* Momtaz_IOSUITestsLaunchTests.swift */; };
		D3FA96DF2D011EC30058C8D1 /* Constants.swift in Sources */ = {isa = PBXBuildFile; fileRef = D3FA96DE2D011EC30058C8D1 /* Constants.swift */; };
		D3FA96E12D011F490058C8D1 /* UiViewController+Extentions.swift in Sources */ = {isa = PBXBuildFile; fileRef = D3FA96E02D011F490058C8D1 /* UiViewController+Extentions.swift */; };
		D3FA96EB2D0122AD0058C8D1 /* RoundedTextField.xib in Resources */ = {isa = PBXBuildFile; fileRef = D3FA96EA2D0122AD0058C8D1 /* RoundedTextField.xib */; };
		D3FA96ED2D0122D70058C8D1 /* RoundedTextField.swift in Sources */ = {isa = PBXBuildFile; fileRef = D3FA96EC2D0122D70058C8D1 /* RoundedTextField.swift */; };
		D3FA96EF2D0123850058C8D1 /* NibLoadedView.swift in Sources */ = {isa = PBXBuildFile; fileRef = D3FA96EE2D0123850058C8D1 /* NibLoadedView.swift */; };
		D3FC797A2D29B934000B821E /* WorkAgendaDetailsViewController.xib in Resources */ = {isa = PBXBuildFile; fileRef = D3FC79792D29B933000B821E /* WorkAgendaDetailsViewController.xib */; };
		D3FC797B2D29B934000B821E /* WorkAgendaDetailsViewController.swift in Sources */ = {isa = PBXBuildFile; fileRef = D3FC79782D29B933000B821E /* WorkAgendaDetailsViewController.swift */; };
/* End PBXBuildFile section */

/* Begin PBXContainerItemProxy section */
		D3FA96C12D0119420058C8D1 /* PBXContainerItemProxy */ = {
			isa = PBXContainerItemProxy;
			containerPortal = D3FA969F2D0119400058C8D1 /* Project object */;
			proxyType = 1;
			remoteGlobalIDString = D3FA96A62D0119400058C8D1;
			remoteInfo = "Momtaz-IOS";
		};
		D3FA96CB2D0119420058C8D1 /* PBXContainerItemProxy */ = {
			isa = PBXContainerItemProxy;
			containerPortal = D3FA969F2D0119400058C8D1 /* Project object */;
			proxyType = 1;
			remoteGlobalIDString = D3FA96A62D0119400058C8D1;
			remoteInfo = "Momtaz-IOS";
		};
/* End PBXContainerItemProxy section */

/* Begin PBXFileReference section */
		2894F7C6E0246F0D8E727EC8 /* Pods-Momtaz-IOS.release.xcconfig */ = {isa = PBXFileReference; includeInIndex = 1; lastKnownFileType = text.xcconfig; name = "Pods-Momtaz-IOS.release.xcconfig"; path = "Target Support Files/Pods-Momtaz-IOS/Pods-Momtaz-IOS.release.xcconfig"; sourceTree = "<group>"; };
		9147FD68114BE36E11ECE4DB /* Pods_Momtaz_IOS.framework */ = {isa = PBXFileReference; explicitFileType = wrapper.framework; includeInIndex = 0; path = Pods_Momtaz_IOS.framework; sourceTree = BUILT_PRODUCTS_DIR; };
		D30FD6CE2D04AFBF00F7AAC7 /* AuthNavigationController.swift */ = {isa = PBXFileReference; lastKnownFileType = sourcecode.swift; path = AuthNavigationController.swift; sourceTree = "<group>"; };
		D31B21622D1EA37600E95862 /* LessonResponse.swift */ = {isa = PBXFileReference; lastKnownFileType = sourcecode.swift; path = LessonResponse.swift; sourceTree = "<group>"; };
		D31B21642D24478C00E95862 /* WorkAgendaViewModel.swift */ = {isa = PBXFileReference; lastKnownFileType = sourcecode.swift; path = WorkAgendaViewModel.swift; sourceTree = "<group>"; };
		D31B21662D25C4A200E95862 /* DateFormatterHelper.swift */ = {isa = PBXFileReference; lastKnownFileType = sourcecode.swift; path = DateFormatterHelper.swift; sourceTree = "<group>"; };
		D31B21682D25CCB000E95862 /* HelperFunctions.swift */ = {isa = PBXFileReference; lastKnownFileType = sourcecode.swift; path = HelperFunctions.swift; sourceTree = "<group>"; };
		D31C8DF42D060F3C00A8EA1A /* ValidationService.swift */ = {isa = PBXFileReference; lastKnownFileType = sourcecode.swift; path = ValidationService.swift; sourceTree = "<group>"; };
		D31C8DF62D060F7D00A8EA1A /* ValidationError.swift */ = {isa = PBXFileReference; lastKnownFileType = sourcecode.swift; path = ValidationError.swift; sourceTree = "<group>"; };
		D31C8DF82D06128C00A8EA1A /* RegularExcepression.swift */ = {isa = PBXFileReference; lastKnownFileType = sourcecode.swift; path = RegularExcepression.swift; sourceTree = "<group>"; };
		D31C8DFA2D061A7800A8EA1A /* LoginViewModel.swift */ = {isa = PBXFileReference; lastKnownFileType = sourcecode.swift; path = LoginViewModel.swift; sourceTree = "<group>"; };
		D31C8DFC2D061B4C00A8EA1A /* SignUpViewModel.swift */ = {isa = PBXFileReference; lastKnownFileType = sourcecode.swift; path = SignUpViewModel.swift; sourceTree = "<group>"; };
		D32C2AF92D416838004B6022 /* ReservationDetailsViewController.swift */ = {isa = PBXFileReference; lastKnownFileType = sourcecode.swift; path = ReservationDetailsViewController.swift; sourceTree = "<group>"; };
		D32C2AFA2D416838004B6022 /* ReservationDetailsViewController.xib */ = {isa = PBXFileReference; lastKnownFileType = file.xib; path = ReservationDetailsViewController.xib; sourceTree = "<group>"; };
		D32C2AFD2D4171DD004B6022 /* ReservationDetailsViewModel.swift */ = {isa = PBXFileReference; lastKnownFileType = sourcecode.swift; path = ReservationDetailsViewModel.swift; sourceTree = "<group>"; };
		D32C2AFF2D4197ED004B6022 /* DeleteBookingResponse.swift */ = {isa = PBXFileReference; lastKnownFileType = sourcecode.swift; path = DeleteBookingResponse.swift; sourceTree = "<group>"; };
		D342E3392D2EB6740025EDFE /* StudentDetailsView.swift */ = {isa = PBXFileReference; lastKnownFileType = sourcecode.swift; path = StudentDetailsView.swift; sourceTree = "<group>"; };
		D342E33B2D2EB6850025EDFE /* StudentDetailsView.xib */ = {isa = PBXFileReference; lastKnownFileType = file.xib; path = StudentDetailsView.xib; sourceTree = "<group>"; };
		D342E33D2D2F62770025EDFE /* AddReviewViewModel.swift */ = {isa = PBXFileReference; lastKnownFileType = sourcecode.swift; path = AddReviewViewModel.swift; sourceTree = "<group>"; };
		D342E33F2D2F684A0025EDFE /* AddReportResponse.swift */ = {isa = PBXFileReference; lastKnownFileType = sourcecode.swift; path = AddReportResponse.swift; sourceTree = "<group>"; };
		D356C07D2D463797004767FE /* ReportTableViewCell.swift */ = {isa = PBXFileReference; lastKnownFileType = sourcecode.swift; path = ReportTableViewCell.swift; sourceTree = "<group>"; };
		D356C07E2D463797004767FE /* ReportTableViewCell.xib */ = {isa = PBXFileReference; lastKnownFileType = file.xib; path = ReportTableViewCell.xib; sourceTree = "<group>"; };
		D356C0812D46426F004767FE /* ReportsResponse.swift */ = {isa = PBXFileReference; lastKnownFileType = sourcecode.swift; path = ReportsResponse.swift; sourceTree = "<group>"; };
		D356C0832D468079004767FE /* ReportsViewModel.swift */ = {isa = PBXFileReference; lastKnownFileType = sourcecode.swift; path = ReportsViewModel.swift; sourceTree = "<group>"; };
		D36599322D1E9BE40062B09C /* LessonTableViewCell.swift */ = {isa = PBXFileReference; lastKnownFileType = sourcecode.swift; path = LessonTableViewCell.swift; sourceTree = "<group>"; };
		D36599332D1E9BE40062B09C /* LessonTableViewCell.xib */ = {isa = PBXFileReference; lastKnownFileType = file.xib; path = LessonTableViewCell.xib; sourceTree = "<group>"; };
		D36E51692D145FFF007BECC7 /* MainNavigationController.swift */ = {isa = PBXFileReference; lastKnownFileType = sourcecode.swift; path = MainNavigationController.swift; sourceTree = "<group>"; };
		D36E516B2D1481B1007BECC7 /* CustomBadgeButtonView.swift */ = {isa = PBXFileReference; lastKnownFileType = sourcecode.swift; path = CustomBadgeButtonView.swift; sourceTree = "<group>"; };
		D37DD9DF2D43E2CC006FF563 /* StudentTableViewCell.swift */ = {isa = PBXFileReference; lastKnownFileType = sourcecode.swift; path = StudentTableViewCell.swift; sourceTree = "<group>"; };
		D37DD9E02D43E2CC006FF563 /* StudentTableViewCell.xib */ = {isa = PBXFileReference; lastKnownFileType = file.xib; path = StudentTableViewCell.xib; sourceTree = "<group>"; };
		D37DD9E32D43E7D4006FF563 /* TeacherStudentsResponse.swift */ = {isa = PBXFileReference; lastKnownFileType = sourcecode.swift; path = TeacherStudentsResponse.swift; sourceTree = "<group>"; };
		D37DD9E52D43FBE6006FF563 /* StudentsViewModel.swift */ = {isa = PBXFileReference; lastKnownFileType = sourcecode.swift; path = StudentsViewModel.swift; sourceTree = "<group>"; };
		D37F461D2D2CC6FF001E294A /* CustomBannerView.swift */ = {isa = PBXFileReference; lastKnownFileType = sourcecode.swift; path = CustomBannerView.swift; sourceTree = "<group>"; };
		D37F46202D2CE20E001E294A /* NotificationCenterExtentions.swift */ = {isa = PBXFileReference; lastKnownFileType = sourcecode.swift; path = NotificationCenterExtentions.swift; sourceTree = "<group>"; };
		D38262AE2D041F980086CB1E /* Alert.swift */ = {isa = PBXFileReference; lastKnownFileType = sourcecode.swift; path = Alert.swift; sourceTree = "<group>"; };
		D392D64A2D3082710063B447 /* DateTableViewCell.swift */ = {isa = PBXFileReference; lastKnownFileType = sourcecode.swift; path = DateTableViewCell.swift; sourceTree = "<group>"; };
		D392D64B2D3082710063B447 /* DateTableViewCell.xib */ = {isa = PBXFileReference; lastKnownFileType = file.xib; path = DateTableViewCell.xib; sourceTree = "<group>"; };
		D392D64E2D3086200063B447 /* AvailabileLessonTimePerDayResponse.swift */ = {isa = PBXFileReference; lastKnownFileType = sourcecode.swift; path = AvailabileLessonTimePerDayResponse.swift; sourceTree = "<group>"; };
		D392D6502D308AF10063B447 /* ChangeLessonDateViewModel.swift */ = {isa = PBXFileReference; lastKnownFileType = sourcecode.swift; path = ChangeLessonDateViewModel.swift; sourceTree = "<group>"; };
		D3A01AF52D05D613008AE4A0 /* LoginViewController.swift */ = {isa = PBXFileReference; lastKnownFileType = sourcecode.swift; path = LoginViewController.swift; sourceTree = "<group>"; };
		D3A01AF62D05D613008AE4A0 /* LoginViewController.xib */ = {isa = PBXFileReference; lastKnownFileType = file.xib; path = LoginViewController.xib; sourceTree = "<group>"; };
		D3A01AFB2D05D786008AE4A0 /* SignUpViewController.swift */ = {isa = PBXFileReference; lastKnownFileType = sourcecode.swift; path = SignUpViewController.swift; sourceTree = "<group>"; };
		D3A01AFC2D05D786008AE4A0 /* SignUpViewController.xib */ = {isa = PBXFileReference; lastKnownFileType = file.xib; path = SignUpViewController.xib; sourceTree = "<group>"; };
		D3A01B012D05D891008AE4A0 /* ForgetPasswordViewController.swift */ = {isa = PBXFileReference; lastKnownFileType = sourcecode.swift; path = ForgetPasswordViewController.swift; sourceTree = "<group>"; };
		D3A01B022D05D891008AE4A0 /* ForgetPasswordViewController.xib */ = {isa = PBXFileReference; lastKnownFileType = file.xib; path = ForgetPasswordViewController.xib; sourceTree = "<group>"; };
		D3A45DB82D3FA7A500168C38 /* ClassBillViewController.swift */ = {isa = PBXFileReference; lastKnownFileType = sourcecode.swift; path = ClassBillViewController.swift; sourceTree = "<group>"; };
		D3A45DB92D3FA7A500168C38 /* ClassBillViewController.xib */ = {isa = PBXFileReference; lastKnownFileType = file.xib; path = ClassBillViewController.xib; sourceTree = "<group>"; };
		D3A45DBC2D3FCBB300168C38 /* reservationViewModel.swift */ = {isa = PBXFileReference; lastKnownFileType = sourcecode.swift; path = reservationViewModel.swift; sourceTree = "<group>"; };
		D3A5DF422D31F8490080E807 /* UpdateLessonDateResponse.swift */ = {isa = PBXFileReference; lastKnownFileType = sourcecode.swift; path = UpdateLessonDateResponse.swift; sourceTree = "<group>"; };
		D3AA2E952D3F2C7100641025 /* TeacherBookingsResponse.swift */ = {isa = PBXFileReference; lastKnownFileType = sourcecode.swift; path = TeacherBookingsResponse.swift; sourceTree = "<group>"; };
		D3AA2E9A2D3F455100641025 /* notHavebookings.swift */ = {isa = PBXFileReference; lastKnownFileType = sourcecode.swift; path = notHavebookings.swift; sourceTree = "<group>"; };
		D3AA2E9C2D3F63BB00641025 /* teacherBookingTableViewCell.swift */ = {isa = PBXFileReference; lastKnownFileType = sourcecode.swift; path = teacherBookingTableViewCell.swift; sourceTree = "<group>"; };
		D3AA2E9D2D3F63BB00641025 /* teacherBookingTableViewCell.xib */ = {isa = PBXFileReference; lastKnownFileType = file.xib; path = teacherBookingTableViewCell.xib; sourceTree = "<group>"; };
		D3C17B2A2D10804D0018BDE5 /* NetworkManagerProtocol.swift */ = {isa = PBXFileReference; lastKnownFileType = sourcecode.swift; path = NetworkManagerProtocol.swift; sourceTree = "<group>"; };
		D3C17B2C2D10805A0018BDE5 /* NetworkManager.swift */ = {isa = PBXFileReference; lastKnownFileType = sourcecode.swift; path = NetworkManager.swift; sourceTree = "<group>"; };
		D3C17B2E2D10806C0018BDE5 /* URLs.swift */ = {isa = PBXFileReference; lastKnownFileType = sourcecode.swift; path = URLs.swift; sourceTree = "<group>"; };
		D3C17B302D10807C0018BDE5 /* UserDefaults.swift */ = {isa = PBXFileReference; lastKnownFileType = sourcecode.swift; path = UserDefaults.swift; sourceTree = "<group>"; };
		D3C17B342D10C2340018BDE5 /* LogInResponse.swift */ = {isa = PBXFileReference; lastKnownFileType = sourcecode.swift; path = LogInResponse.swift; sourceTree = "<group>"; };
		D3D1A1642D260573003B16E5 /* ConnectivityManager.swift */ = {isa = PBXFileReference; lastKnownFileType = sourcecode.swift; path = ConnectivityManager.swift; sourceTree = "<group>"; };
		D3D1A1682D262383003B16E5 /* NoInternetView.swift */ = {isa = PBXFileReference; lastKnownFileType = sourcecode.swift; path = NoInternetView.swift; sourceTree = "<group>"; };
		D3D1A16A2D2646DE003B16E5 /* NoLessonsToDay.swift */ = {isa = PBXFileReference; lastKnownFileType = sourcecode.swift; path = NoLessonsToDay.swift; sourceTree = "<group>"; };
		D3DB469D2D2B519F004C1DA8 /* ShowReviewViewController.swift */ = {isa = PBXFileReference; lastKnownFileType = sourcecode.swift; path = ShowReviewViewController.swift; sourceTree = "<group>"; };
		D3DB469E2D2B519F004C1DA8 /* ShowReviewViewController.xib */ = {isa = PBXFileReference; lastKnownFileType = file.xib; path = ShowReviewViewController.xib; sourceTree = "<group>"; };
		D3DB46A32D2B5BD8004C1DA8 /* AddReviewViewController.swift */ = {isa = PBXFileReference; lastKnownFileType = sourcecode.swift; path = AddReviewViewController.swift; sourceTree = "<group>"; };
		D3DB46A42D2B5BD8004C1DA8 /* AddReviewViewController.xib */ = {isa = PBXFileReference; lastKnownFileType = file.xib; path = AddReviewViewController.xib; sourceTree = "<group>"; };
		D3DB46AA2D2B628D004C1DA8 /* ChangeLessonDateViewController.swift */ = {isa = PBXFileReference; lastKnownFileType = sourcecode.swift; path = ChangeLessonDateViewController.swift; sourceTree = "<group>"; };
		D3DB46AB2D2B628D004C1DA8 /* ChangeLessonDateViewController.xib */ = {isa = PBXFileReference; lastKnownFileType = file.xib; path = ChangeLessonDateViewController.xib; sourceTree = "<group>"; };
		D3DB46AE2D2B684A004C1DA8 /* imageViewExtentions.swift */ = {isa = PBXFileReference; lastKnownFileType = sourcecode.swift; path = imageViewExtentions.swift; sourceTree = "<group>"; };
		D3DB46B22D2B85B9004C1DA8 /* buttonExtentions.swift */ = {isa = PBXFileReference; lastKnownFileType = sourcecode.swift; path = buttonExtentions.swift; sourceTree = "<group>"; };
		D3DB46B52D2B8F95004C1DA8 /* WorkAgendaDetailsViewModel.swift */ = {isa = PBXFileReference; lastKnownFileType = sourcecode.swift; path = WorkAgendaDetailsViewModel.swift; sourceTree = "<group>"; };
		D3DC39D52D133F4A00E98447 /* SignUpResponse.swift */ = {isa = PBXFileReference; lastKnownFileType = sourcecode.swift; path = SignUpResponse.swift; sourceTree = "<group>"; };
		D3DC39D82D134DE300E98447 /* MainTabBar.swift */ = {isa = PBXFileReference; lastKnownFileType = sourcecode.swift; path = MainTabBar.swift; sourceTree = "<group>"; };
		D3DC39E72D134F0C00E98447 /* StudentsViewController.swift */ = {isa = PBXFileReference; lastKnownFileType = sourcecode.swift; path = StudentsViewController.swift; sourceTree = "<group>"; };
		D3DC39E82D134F0C00E98447 /* StudentsViewController.xib */ = {isa = PBXFileReference; lastKnownFileType = file.xib; path = StudentsViewController.xib; sourceTree = "<group>"; };
		D3DC39EB2D134F2700E98447 /* ReportsViewController.swift */ = {isa = PBXFileReference; lastKnownFileType = sourcecode.swift; path = ReportsViewController.swift; sourceTree = "<group>"; };
		D3DC39EC2D134F2700E98447 /* ReportsViewController.xib */ = {isa = PBXFileReference; lastKnownFileType = file.xib; path = ReportsViewController.xib; sourceTree = "<group>"; };
		D3DC39EF2D134F3600E98447 /* ReservationsViewController.swift */ = {isa = PBXFileReference; lastKnownFileType = sourcecode.swift; path = ReservationsViewController.swift; sourceTree = "<group>"; };
		D3DC39F02D134F3600E98447 /* ReservationsViewController.xib */ = {isa = PBXFileReference; lastKnownFileType = file.xib; path = ReservationsViewController.xib; sourceTree = "<group>"; };
		D3DC39F32D134F4400E98447 /* WorkAgendaViewController.swift */ = {isa = PBXFileReference; lastKnownFileType = sourcecode.swift; path = WorkAgendaViewController.swift; sourceTree = "<group>"; };
		D3DC39F42D134F4400E98447 /* WorkAgendaViewController.xib */ = {isa = PBXFileReference; lastKnownFileType = file.xib; path = WorkAgendaViewController.xib; sourceTree = "<group>"; };
		D3FA96A72D0119400058C8D1 /* Momtaz-IOS.app */ = {isa = PBXFileReference; explicitFileType = wrapper.application; includeInIndex = 0; path = "Momtaz-IOS.app"; sourceTree = BUILT_PRODUCTS_DIR; };
		D3FA96AA2D0119400058C8D1 /* AppDelegate.swift */ = {isa = PBXFileReference; lastKnownFileType = sourcecode.swift; path = AppDelegate.swift; sourceTree = "<group>"; };
		D3FA96AC2D0119400058C8D1 /* SceneDelegate.swift */ = {isa = PBXFileReference; lastKnownFileType = sourcecode.swift; path = SceneDelegate.swift; sourceTree = "<group>"; };
		D3FA96B42D0119400058C8D1 /* Momtaz_IOS.xcdatamodel */ = {isa = PBXFileReference; lastKnownFileType = wrapper.xcdatamodel; path = Momtaz_IOS.xcdatamodel; sourceTree = "<group>"; };
		D3FA96B62D0119420058C8D1 /* Assets.xcassets */ = {isa = PBXFileReference; lastKnownFileType = folder.assetcatalog; path = Assets.xcassets; sourceTree = "<group>"; };
		D3FA96B92D0119420058C8D1 /* Base */ = {isa = PBXFileReference; lastKnownFileType = file.storyboard; name = Base; path = Base.lproj/LaunchScreen.storyboard; sourceTree = "<group>"; };
		D3FA96BB2D0119420058C8D1 /* Info.plist */ = {isa = PBXFileReference; lastKnownFileType = text.plist.xml; path = Info.plist; sourceTree = "<group>"; };
		D3FA96C02D0119420058C8D1 /* Momtaz-IOSTests.xctest */ = {isa = PBXFileReference; explicitFileType = wrapper.cfbundle; includeInIndex = 0; path = "Momtaz-IOSTests.xctest"; sourceTree = BUILT_PRODUCTS_DIR; };
		D3FA96C42D0119420058C8D1 /* Momtaz_IOSTests.swift */ = {isa = PBXFileReference; lastKnownFileType = sourcecode.swift; path = Momtaz_IOSTests.swift; sourceTree = "<group>"; };
		D3FA96CA2D0119420058C8D1 /* Momtaz-IOSUITests.xctest */ = {isa = PBXFileReference; explicitFileType = wrapper.cfbundle; includeInIndex = 0; path = "Momtaz-IOSUITests.xctest"; sourceTree = BUILT_PRODUCTS_DIR; };
		D3FA96CE2D0119420058C8D1 /* Momtaz_IOSUITests.swift */ = {isa = PBXFileReference; lastKnownFileType = sourcecode.swift; path = Momtaz_IOSUITests.swift; sourceTree = "<group>"; };
		D3FA96D02D0119420058C8D1 /* Momtaz_IOSUITestsLaunchTests.swift */ = {isa = PBXFileReference; lastKnownFileType = sourcecode.swift; path = Momtaz_IOSUITestsLaunchTests.swift; sourceTree = "<group>"; };
		D3FA96DE2D011EC30058C8D1 /* Constants.swift */ = {isa = PBXFileReference; lastKnownFileType = sourcecode.swift; path = Constants.swift; sourceTree = "<group>"; };
		D3FA96E02D011F490058C8D1 /* UiViewController+Extentions.swift */ = {isa = PBXFileReference; lastKnownFileType = sourcecode.swift; path = "UiViewController+Extentions.swift"; sourceTree = "<group>"; };
		D3FA96EA2D0122AD0058C8D1 /* RoundedTextField.xib */ = {isa = PBXFileReference; lastKnownFileType = file.xib; path = RoundedTextField.xib; sourceTree = "<group>"; };
		D3FA96EC2D0122D70058C8D1 /* RoundedTextField.swift */ = {isa = PBXFileReference; lastKnownFileType = sourcecode.swift; path = RoundedTextField.swift; sourceTree = "<group>"; };
		D3FA96EE2D0123850058C8D1 /* NibLoadedView.swift */ = {isa = PBXFileReference; lastKnownFileType = sourcecode.swift; path = NibLoadedView.swift; sourceTree = "<group>"; };
		D3FC79782D29B933000B821E /* WorkAgendaDetailsViewController.swift */ = {isa = PBXFileReference; lastKnownFileType = sourcecode.swift; path = WorkAgendaDetailsViewController.swift; sourceTree = "<group>"; };
		D3FC79792D29B933000B821E /* WorkAgendaDetailsViewController.xib */ = {isa = PBXFileReference; lastKnownFileType = file.xib; path = WorkAgendaDetailsViewController.xib; sourceTree = "<group>"; };
		E62FF1B1E5691D04DDCB1038 /* Pods-Momtaz-IOS.debug.xcconfig */ = {isa = PBXFileReference; includeInIndex = 1; lastKnownFileType = text.xcconfig; name = "Pods-Momtaz-IOS.debug.xcconfig"; path = "Target Support Files/Pods-Momtaz-IOS/Pods-Momtaz-IOS.debug.xcconfig"; sourceTree = "<group>"; };
/* End PBXFileReference section */

/* Begin PBXFrameworksBuildPhase section */
		D3FA96A42D0119400058C8D1 /* Frameworks */ = {
			isa = PBXFrameworksBuildPhase;
			buildActionMask = 2147483647;
			files = (
				A921F616429728009B315848 /* Pods_Momtaz_IOS.framework in Frameworks */,
			);
			runOnlyForDeploymentPostprocessing = 0;
		};
		D3FA96BD2D0119420058C8D1 /* Frameworks */ = {
			isa = PBXFrameworksBuildPhase;
			buildActionMask = 2147483647;
			files = (
			);
			runOnlyForDeploymentPostprocessing = 0;
		};
		D3FA96C72D0119420058C8D1 /* Frameworks */ = {
			isa = PBXFrameworksBuildPhase;
			buildActionMask = 2147483647;
			files = (
			);
			runOnlyForDeploymentPostprocessing = 0;
		};
/* End PBXFrameworksBuildPhase section */

/* Begin PBXGroup section */
		3CB050C458E2DF7558958007 /* Pods */ = {
			isa = PBXGroup;
			children = (
				E62FF1B1E5691D04DDCB1038 /* Pods-Momtaz-IOS.debug.xcconfig */,
				2894F7C6E0246F0D8E727EC8 /* Pods-Momtaz-IOS.release.xcconfig */,
			);
			path = Pods;
			sourceTree = "<group>";
		};
		6C48E5A0422E68D2DC1E66AF /* Frameworks */ = {
			isa = PBXGroup;
			children = (
				9147FD68114BE36E11ECE4DB /* Pods_Momtaz_IOS.framework */,
			);
			name = Frameworks;
			sourceTree = "<group>";
		};
		D32C2AF82D41680F004B6022 /* Reservation details view */ = {
			isa = PBXGroup;
			children = (
				D32C2AF92D416838004B6022 /* ReservationDetailsViewController.swift */,
				D32C2AFA2D416838004B6022 /* ReservationDetailsViewController.xib */,
			);
			path = "Reservation details view";
			sourceTree = "<group>";
		};
		D342E3362D2EB33A0025EDFE /* CustomComponents */ = {
			isa = PBXGroup;
			children = (
				D342E3392D2EB6740025EDFE /* StudentDetailsView.swift */,
				D342E33B2D2EB6850025EDFE /* StudentDetailsView.xib */,
			);
			path = CustomComponents;
			sourceTree = "<group>";
		};
		D356C07C2D463771004767FE /* Custom Components */ = {
			isa = PBXGroup;
			children = (
				D356C07D2D463797004767FE /* ReportTableViewCell.swift */,
				D356C07E2D463797004767FE /* ReportTableViewCell.xib */,
			);
			path = "Custom Components";
			sourceTree = "<group>";
		};
		D36599312D1E9BB20062B09C /* Custom Components */ = {
			isa = PBXGroup;
			children = (
				D36599322D1E9BE40062B09C /* LessonTableViewCell.swift */,
				D36599332D1E9BE40062B09C /* LessonTableViewCell.xib */,
				D3D1A16A2D2646DE003B16E5 /* NoLessonsToDay.swift */,
			);
			path = "Custom Components";
			sourceTree = "<group>";
		};
		D37DD9DE2D43E2AC006FF563 /* Custom Components */ = {
			isa = PBXGroup;
			children = (
				D37DD9DF2D43E2CC006FF563 /* StudentTableViewCell.swift */,
				D37DD9E02D43E2CC006FF563 /* StudentTableViewCell.xib */,
			);
			path = "Custom Components";
			sourceTree = "<group>";
		};
		D37F461F2D2CE1EE001E294A /* Extentions */ = {
			isa = PBXGroup;
			children = (
				D3FA96E02D011F490058C8D1 /* UiViewController+Extentions.swift */,
				D3DB46AE2D2B684A004C1DA8 /* imageViewExtentions.swift */,
				D3DB46B22D2B85B9004C1DA8 /* buttonExtentions.swift */,
				D37F46202D2CE20E001E294A /* NotificationCenterExtentions.swift */,
			);
			path = Extentions;
			sourceTree = "<group>";
		};
		D37F46222D2CE292001E294A /* Validation */ = {
			isa = PBXGroup;
			children = (
				D31C8DF42D060F3C00A8EA1A /* ValidationService.swift */,
				D31C8DF62D060F7D00A8EA1A /* ValidationError.swift */,
				D31C8DF82D06128C00A8EA1A /* RegularExcepression.swift */,
			);
			path = Validation;
			sourceTree = "<group>";
		};
		D392D6492D30824E0063B447 /* CustomComponenets */ = {
			isa = PBXGroup;
			children = (
				D392D64A2D3082710063B447 /* DateTableViewCell.swift */,
				D392D64B2D3082710063B447 /* DateTableViewCell.xib */,
			);
			path = CustomComponenets;
			sourceTree = "<group>";
		};
		D3A01AF02D05D5BD008AE4A0 /* LogIn */ = {
			isa = PBXGroup;
			children = (
				D3A01AF42D05D5EA008AE4A0 /* View Model */,
				D3A01AF32D05D5E5008AE4A0 /* View */,
			);
			path = LogIn;
			sourceTree = "<group>";
		};
		D3A01AF12D05D5CC008AE4A0 /* SignUp */ = {
			isa = PBXGroup;
			children = (
				D3A01AFA2D05D762008AE4A0 /* View Model */,
				D3A01AF92D05D75B008AE4A0 /* View */,
			);
			path = SignUp;
			sourceTree = "<group>";
		};
		D3A01AF22D05D5D4008AE4A0 /* Forget Password */ = {
			isa = PBXGroup;
			children = (
				D3A01AFF2D05D873008AE4A0 /* View Model */,
				D3A01B002D05D87B008AE4A0 /* View */,
			);
			path = "Forget Password";
			sourceTree = "<group>";
		};
		D3A01AF32D05D5E5008AE4A0 /* View */ = {
			isa = PBXGroup;
			children = (
				D3A01AF52D05D613008AE4A0 /* LoginViewController.swift */,
				D3A01AF62D05D613008AE4A0 /* LoginViewController.xib */,
			);
			path = View;
			sourceTree = "<group>";
		};
		D3A01AF42D05D5EA008AE4A0 /* View Model */ = {
			isa = PBXGroup;
			children = (
				D31C8DFA2D061A7800A8EA1A /* LoginViewModel.swift */,
			);
			path = "View Model";
			sourceTree = "<group>";
		};
		D3A01AF92D05D75B008AE4A0 /* View */ = {
			isa = PBXGroup;
			children = (
				D3A01AFB2D05D786008AE4A0 /* SignUpViewController.swift */,
				D3A01AFC2D05D786008AE4A0 /* SignUpViewController.xib */,
			);
			path = View;
			sourceTree = "<group>";
		};
		D3A01AFA2D05D762008AE4A0 /* View Model */ = {
			isa = PBXGroup;
			children = (
				D31C8DFC2D061B4C00A8EA1A /* SignUpViewModel.swift */,
			);
			path = "View Model";
			sourceTree = "<group>";
		};
		D3A01AFF2D05D873008AE4A0 /* View Model */ = {
			isa = PBXGroup;
			children = (
			);
			path = "View Model";
			sourceTree = "<group>";
		};
		D3A01B002D05D87B008AE4A0 /* View */ = {
			isa = PBXGroup;
			children = (
				D3A01B012D05D891008AE4A0 /* ForgetPasswordViewController.swift */,
				D3A01B022D05D891008AE4A0 /* ForgetPasswordViewController.xib */,
			);
			path = View;
			sourceTree = "<group>";
		};
		D3A45DB72D3FA78200168C38 /* Class Bill View */ = {
			isa = PBXGroup;
			children = (
				D3A45DB82D3FA7A500168C38 /* ClassBillViewController.swift */,
				D3A45DB92D3FA7A500168C38 /* ClassBillViewController.xib */,
			);
			path = "Class Bill View";
			sourceTree = "<group>";
		};
		D3AA2E992D3F452700641025 /* Custom Components */ = {
			isa = PBXGroup;
			children = (
				D3AA2E9A2D3F455100641025 /* notHavebookings.swift */,
				D3AA2E9C2D3F63BB00641025 /* teacherBookingTableViewCell.swift */,
				D3AA2E9D2D3F63BB00641025 /* teacherBookingTableViewCell.xib */,
			);
			path = "Custom Components";
			sourceTree = "<group>";
		};
		D3C17B282D107FAC0018BDE5 /* Service */ = {
			isa = PBXGroup;
			children = (
				D3C17B2A2D10804D0018BDE5 /* NetworkManagerProtocol.swift */,
				D3C17B2C2D10805A0018BDE5 /* NetworkManager.swift */,
				D3C17B2E2D10806C0018BDE5 /* URLs.swift */,
				D3C17B302D10807C0018BDE5 /* UserDefaults.swift */,
			);
			path = Service;
			sourceTree = "<group>";
		};
		D3C17B292D107FB50018BDE5 /* Model */ = {
			isa = PBXGroup;
			children = (
				D3C17B342D10C2340018BDE5 /* LogInResponse.swift */,
				D3DC39D52D133F4A00E98447 /* SignUpResponse.swift */,
				D31B21622D1EA37600E95862 /* LessonResponse.swift */,
				D342E33F2D2F684A0025EDFE /* AddReportResponse.swift */,
				D392D64E2D3086200063B447 /* AvailabileLessonTimePerDayResponse.swift */,
				D3A5DF422D31F8490080E807 /* UpdateLessonDateResponse.swift */,
				D3AA2E952D3F2C7100641025 /* TeacherBookingsResponse.swift */,
				D32C2AFF2D4197ED004B6022 /* DeleteBookingResponse.swift */,
				D37DD9E32D43E7D4006FF563 /* TeacherStudentsResponse.swift */,
				D356C0812D46426F004767FE /* ReportsResponse.swift */,
			);
			path = Model;
			sourceTree = "<group>";
		};
		D3DB46982D2B5027004C1DA8 /* Review */ = {
			isa = PBXGroup;
			children = (
				D3DB469C2D2B5177004C1DA8 /* AddReview */,
				D3DB46992D2B504F004C1DA8 /* ShowReview */,
			);
			path = Review;
			sourceTree = "<group>";
		};
		D3DB46992D2B504F004C1DA8 /* ShowReview */ = {
			isa = PBXGroup;
			children = (
				D3DB469D2D2B519F004C1DA8 /* ShowReviewViewController.swift */,
				D3DB469E2D2B519F004C1DA8 /* ShowReviewViewController.xib */,
			);
			path = ShowReview;
			sourceTree = "<group>";
		};
		D3DB469A2D2B5063004C1DA8 /* ViewModel */ = {
			isa = PBXGroup;
			children = (
				D31B21642D24478C00E95862 /* WorkAgendaViewModel.swift */,
			);
			path = ViewModel;
			sourceTree = "<group>";
		};
		D3DB469B2D2B509B004C1DA8 /* View */ = {
			isa = PBXGroup;
			children = (
				D3FC79782D29B933000B821E /* WorkAgendaDetailsViewController.swift */,
				D3FC79792D29B933000B821E /* WorkAgendaDetailsViewController.xib */,
			);
			path = View;
			sourceTree = "<group>";
		};
		D3DB469C2D2B5177004C1DA8 /* AddReview */ = {
			isa = PBXGroup;
			children = (
				D342E3362D2EB33A0025EDFE /* CustomComponents */,
				D3DB46A12D2B5BA2004C1DA8 /* ViewModel */,
				D3DB46A22D2B5BC0004C1DA8 /* View */,
			);
			path = AddReview;
			sourceTree = "<group>";
		};
		D3DB46A12D2B5BA2004C1DA8 /* ViewModel */ = {
			isa = PBXGroup;
			children = (
				D342E33D2D2F62770025EDFE /* AddReviewViewModel.swift */,
			);
			path = ViewModel;
			sourceTree = "<group>";
		};
		D3DB46A22D2B5BC0004C1DA8 /* View */ = {
			isa = PBXGroup;
			children = (
				D3DB46A32D2B5BD8004C1DA8 /* AddReviewViewController.swift */,
				D3DB46A42D2B5BD8004C1DA8 /* AddReviewViewController.xib */,
			);
			path = View;
			sourceTree = "<group>";
		};
		D3DB46A72D2B6259004C1DA8 /* ChangeLessonDateView */ = {
			isa = PBXGroup;
			children = (
				D392D6492D30824E0063B447 /* CustomComponenets */,
				D3DB46A92D2B6273004C1DA8 /* ViewModel */,
				D3DB46A82D2B626D004C1DA8 /* View */,
			);
			path = ChangeLessonDateView;
			sourceTree = "<group>";
		};
		D3DB46A82D2B626D004C1DA8 /* View */ = {
			isa = PBXGroup;
			children = (
				D3DB46AA2D2B628D004C1DA8 /* ChangeLessonDateViewController.swift */,
				D3DB46AB2D2B628D004C1DA8 /* ChangeLessonDateViewController.xib */,
			);
			path = View;
			sourceTree = "<group>";
		};
		D3DB46A92D2B6273004C1DA8 /* ViewModel */ = {
			isa = PBXGroup;
			children = (
				D392D6502D308AF10063B447 /* ChangeLessonDateViewModel.swift */,
			);
			path = ViewModel;
			sourceTree = "<group>";
		};
		D3DB46B42D2B8F7F004C1DA8 /* ViewModel */ = {
			isa = PBXGroup;
			children = (
				D3DB46B52D2B8F95004C1DA8 /* WorkAgendaDetailsViewModel.swift */,
			);
			path = ViewModel;
			sourceTree = "<group>";
		};
		D3DC39D72D134DCD00E98447 /* TabBar */ = {
			isa = PBXGroup;
			children = (
				D3DC39DA2D134E5900E98447 /* Views */,
				D3DC39D82D134DE300E98447 /* MainTabBar.swift */,
			);
			path = TabBar;
			sourceTree = "<group>";
		};
		D3DC39DA2D134E5900E98447 /* Views */ = {
			isa = PBXGroup;
			children = (
				D3DC39DE2D134E7B00E98447 /* Students */,
				D3DC39DD2D134E7200E98447 /* Reports */,
				D3DC39DC2D134E6900E98447 /* Reservation */,
				D3DC39DB2D134E6100E98447 /* WorkAgenda */,
			);
			path = Views;
			sourceTree = "<group>";
		};
		D3DC39DB2D134E6100E98447 /* WorkAgenda */ = {
			isa = PBXGroup;
			children = (
				D3FC79762D29AF08000B821E /* WorkAgendaView */,
				D3FC79772D29AFAB000B821E /* WorkAgendaDetailsView */,
				D3DB46A72D2B6259004C1DA8 /* ChangeLessonDateView */,
			);
			path = WorkAgenda;
			sourceTree = "<group>";
		};
		D3DC39DC2D134E6900E98447 /* Reservation */ = {
			isa = PBXGroup;
			children = (
				D3AA2E992D3F452700641025 /* Custom Components */,
				D3DC39E22D134ED500E98447 /* ViewModel */,
				D3DC39E12D134ED000E98447 /* View */,
			);
			path = Reservation;
			sourceTree = "<group>";
		};
		D3DC39DD2D134E7200E98447 /* Reports */ = {
			isa = PBXGroup;
			children = (
				D3DC39E42D134EE000E98447 /* ViewModel */,
				D3DC39E32D134EDB00E98447 /* View */,
			);
			path = Reports;
			sourceTree = "<group>";
		};
		D3DC39DE2D134E7B00E98447 /* Students */ = {
			isa = PBXGroup;
			children = (
				D3DC39E62D134EF300E98447 /* ViewModel */,
				D3DC39E52D134EEE00E98447 /* View */,
			);
			path = Students;
			sourceTree = "<group>";
		};
		D3DC39DF2D134EA300E98447 /* View */ = {
			isa = PBXGroup;
			children = (
				D3DC39F32D134F4400E98447 /* WorkAgendaViewController.swift */,
				D3DC39F42D134F4400E98447 /* WorkAgendaViewController.xib */,
			);
			path = View;
			sourceTree = "<group>";
		};
		D3DC39E12D134ED000E98447 /* View */ = {
			isa = PBXGroup;
			children = (
				D32C2AF82D41680F004B6022 /* Reservation details view */,
				D3A45DB72D3FA78200168C38 /* Class Bill View */,
				D3DC39EF2D134F3600E98447 /* ReservationsViewController.swift */,
				D3DC39F02D134F3600E98447 /* ReservationsViewController.xib */,
			);
			path = View;
			sourceTree = "<group>";
		};
		D3DC39E22D134ED500E98447 /* ViewModel */ = {
			isa = PBXGroup;
			children = (
				D3A45DBC2D3FCBB300168C38 /* reservationViewModel.swift */,
				D32C2AFD2D4171DD004B6022 /* ReservationDetailsViewModel.swift */,
			);
			path = ViewModel;
			sourceTree = "<group>";
		};
		D3DC39E32D134EDB00E98447 /* View */ = {
			isa = PBXGroup;
			children = (
				D356C07C2D463771004767FE /* Custom Components */,
				D3DC39EB2D134F2700E98447 /* ReportsViewController.swift */,
				D3DC39EC2D134F2700E98447 /* ReportsViewController.xib */,
			);
			path = View;
			sourceTree = "<group>";
		};
		D3DC39E42D134EE000E98447 /* ViewModel */ = {
			isa = PBXGroup;
			children = (
				D356C0832D468079004767FE /* ReportsViewModel.swift */,
			);
			path = ViewModel;
			sourceTree = "<group>";
		};
		D3DC39E52D134EEE00E98447 /* View */ = {
			isa = PBXGroup;
			children = (
				D37DD9DE2D43E2AC006FF563 /* Custom Components */,
				D3DC39E72D134F0C00E98447 /* StudentsViewController.swift */,
				D3DC39E82D134F0C00E98447 /* StudentsViewController.xib */,
			);
			path = View;
			sourceTree = "<group>";
		};
		D3DC39E62D134EF300E98447 /* ViewModel */ = {
			isa = PBXGroup;
			children = (
				D37DD9E52D43FBE6006FF563 /* StudentsViewModel.swift */,
			);
			path = ViewModel;
			sourceTree = "<group>";
		};
		D3FA969E2D0119400058C8D1 = {
			isa = PBXGroup;
			children = (
				D3FA96A92D0119400058C8D1 /* Momtaz-IOS */,
				D3FA96C32D0119420058C8D1 /* Momtaz-IOSTests */,
				D3FA96CD2D0119420058C8D1 /* Momtaz-IOSUITests */,
				D3FA96A82D0119400058C8D1 /* Products */,
				3CB050C458E2DF7558958007 /* Pods */,
				6C48E5A0422E68D2DC1E66AF /* Frameworks */,
			);
			sourceTree = "<group>";
		};
		D3FA96A82D0119400058C8D1 /* Products */ = {
			isa = PBXGroup;
			children = (
				D3FA96A72D0119400058C8D1 /* Momtaz-IOS.app */,
				D3FA96C02D0119420058C8D1 /* Momtaz-IOSTests.xctest */,
				D3FA96CA2D0119420058C8D1 /* Momtaz-IOSUITests.xctest */,
			);
			name = Products;
			sourceTree = "<group>";
		};
		D3FA96A92D0119400058C8D1 /* Momtaz-IOS */ = {
			isa = PBXGroup;
			children = (
				D3C17B292D107FB50018BDE5 /* Model */,
				D3C17B282D107FAC0018BDE5 /* Service */,
				D3FA96E92D01228E0058C8D1 /* Custom Components */,
				D3FA96DD2D011EA70058C8D1 /* Utilites */,
				D3DC39D72D134DCD00E98447 /* TabBar */,
				D3FA96E22D0120440058C8D1 /* Authntication */,
				D3DB46982D2B5027004C1DA8 /* Review */,
				D3FA96AA2D0119400058C8D1 /* AppDelegate.swift */,
				D3FA96AC2D0119400058C8D1 /* SceneDelegate.swift */,
				D3FA96B62D0119420058C8D1 /* Assets.xcassets */,
				D3FA96B82D0119420058C8D1 /* LaunchScreen.storyboard */,
				D3FA96BB2D0119420058C8D1 /* Info.plist */,
				D3FA96B32D0119400058C8D1 /* Momtaz_IOS.xcdatamodeld */,
			);
			path = "Momtaz-IOS";
			sourceTree = "<group>";
		};
		D3FA96C32D0119420058C8D1 /* Momtaz-IOSTests */ = {
			isa = PBXGroup;
			children = (
				D3FA96C42D0119420058C8D1 /* Momtaz_IOSTests.swift */,
			);
			path = "Momtaz-IOSTests";
			sourceTree = "<group>";
		};
		D3FA96CD2D0119420058C8D1 /* Momtaz-IOSUITests */ = {
			isa = PBXGroup;
			children = (
				D3FA96CE2D0119420058C8D1 /* Momtaz_IOSUITests.swift */,
				D3FA96D02D0119420058C8D1 /* Momtaz_IOSUITestsLaunchTests.swift */,
			);
			path = "Momtaz-IOSUITests";
			sourceTree = "<group>";
		};
		D3FA96DD2D011EA70058C8D1 /* Utilites */ = {
			isa = PBXGroup;
			children = (
				D37F46222D2CE292001E294A /* Validation */,
				D37F461F2D2CE1EE001E294A /* Extentions */,
				D3FA96DE2D011EC30058C8D1 /* Constants.swift */,
				D38262AE2D041F980086CB1E /* Alert.swift */,
				D31B21662D25C4A200E95862 /* DateFormatterHelper.swift */,
				D31B21682D25CCB000E95862 /* HelperFunctions.swift */,
				D3D1A1642D260573003B16E5 /* ConnectivityManager.swift */,
			);
			path = Utilites;
			sourceTree = "<group>";
		};
		D3FA96E22D0120440058C8D1 /* Authntication */ = {
			isa = PBXGroup;
			children = (
				D3A01AF22D05D5D4008AE4A0 /* Forget Password */,
				D3A01AF12D05D5CC008AE4A0 /* SignUp */,
				D3A01AF02D05D5BD008AE4A0 /* LogIn */,
			);
			path = Authntication;
			sourceTree = "<group>";
		};
		D3FA96E92D01228E0058C8D1 /* Custom Components */ = {
			isa = PBXGroup;
			children = (
				D3FA96EA2D0122AD0058C8D1 /* RoundedTextField.xib */,
				D3FA96EC2D0122D70058C8D1 /* RoundedTextField.swift */,
				D3FA96EE2D0123850058C8D1 /* NibLoadedView.swift */,
				D30FD6CE2D04AFBF00F7AAC7 /* AuthNavigationController.swift */,
				D36E51692D145FFF007BECC7 /* MainNavigationController.swift */,
				D36E516B2D1481B1007BECC7 /* CustomBadgeButtonView.swift */,
				D3D1A1682D262383003B16E5 /* NoInternetView.swift */,
				D37F461D2D2CC6FF001E294A /* CustomBannerView.swift */,
			);
			path = "Custom Components";
			sourceTree = "<group>";
		};
		D3FC79762D29AF08000B821E /* WorkAgendaView */ = {
			isa = PBXGroup;
			children = (
				D36599312D1E9BB20062B09C /* Custom Components */,
				D3DB469A2D2B5063004C1DA8 /* ViewModel */,
				D3DC39DF2D134EA300E98447 /* View */,
			);
			path = WorkAgendaView;
			sourceTree = "<group>";
		};
		D3FC79772D29AFAB000B821E /* WorkAgendaDetailsView */ = {
			isa = PBXGroup;
			children = (
				D3DB46B42D2B8F7F004C1DA8 /* ViewModel */,
				D3DB469B2D2B509B004C1DA8 /* View */,
			);
			path = WorkAgendaDetailsView;
			sourceTree = "<group>";
		};
/* End PBXGroup section */

/* Begin PBXNativeTarget section */
		D3FA96A62D0119400058C8D1 /* Momtaz-IOS */ = {
			isa = PBXNativeTarget;
			buildConfigurationList = D3FA96D42D0119420058C8D1 /* Build configuration list for PBXNativeTarget "Momtaz-IOS" */;
			buildPhases = (
				03F7CAD721755839185042D1 /* [CP] Check Pods Manifest.lock */,
				D3FA96A32D0119400058C8D1 /* Sources */,
				D3FA96A42D0119400058C8D1 /* Frameworks */,
				D3FA96A52D0119400058C8D1 /* Resources */,
				D04CB8168C9F1555ACB5C83D /* [CP] Embed Pods Frameworks */,
			);
			buildRules = (
			);
			dependencies = (
			);
			name = "Momtaz-IOS";
			productName = "Momtaz-IOS";
			productReference = D3FA96A72D0119400058C8D1 /* Momtaz-IOS.app */;
			productType = "com.apple.product-type.application";
		};
		D3FA96BF2D0119420058C8D1 /* Momtaz-IOSTests */ = {
			isa = PBXNativeTarget;
			buildConfigurationList = D3FA96D72D0119420058C8D1 /* Build configuration list for PBXNativeTarget "Momtaz-IOSTests" */;
			buildPhases = (
				D3FA96BC2D0119420058C8D1 /* Sources */,
				D3FA96BD2D0119420058C8D1 /* Frameworks */,
				D3FA96BE2D0119420058C8D1 /* Resources */,
			);
			buildRules = (
			);
			dependencies = (
				D3FA96C22D0119420058C8D1 /* PBXTargetDependency */,
			);
			name = "Momtaz-IOSTests";
			productName = "Momtaz-IOSTests";
			productReference = D3FA96C02D0119420058C8D1 /* Momtaz-IOSTests.xctest */;
			productType = "com.apple.product-type.bundle.unit-test";
		};
		D3FA96C92D0119420058C8D1 /* Momtaz-IOSUITests */ = {
			isa = PBXNativeTarget;
			buildConfigurationList = D3FA96DA2D0119420058C8D1 /* Build configuration list for PBXNativeTarget "Momtaz-IOSUITests" */;
			buildPhases = (
				D3FA96C62D0119420058C8D1 /* Sources */,
				D3FA96C72D0119420058C8D1 /* Frameworks */,
				D3FA96C82D0119420058C8D1 /* Resources */,
			);
			buildRules = (
			);
			dependencies = (
				D3FA96CC2D0119420058C8D1 /* PBXTargetDependency */,
			);
			name = "Momtaz-IOSUITests";
			productName = "Momtaz-IOSUITests";
			productReference = D3FA96CA2D0119420058C8D1 /* Momtaz-IOSUITests.xctest */;
			productType = "com.apple.product-type.bundle.ui-testing";
		};
/* End PBXNativeTarget section */

/* Begin PBXProject section */
		D3FA969F2D0119400058C8D1 /* Project object */ = {
			isa = PBXProject;
			attributes = {
				BuildIndependentTargetsInParallel = 1;
				LastSwiftUpdateCheck = 1540;
				LastUpgradeCheck = 1540;
				TargetAttributes = {
					D3FA96A62D0119400058C8D1 = {
						CreatedOnToolsVersion = 15.4;
					};
					D3FA96BF2D0119420058C8D1 = {
						CreatedOnToolsVersion = 15.4;
						TestTargetID = D3FA96A62D0119400058C8D1;
					};
					D3FA96C92D0119420058C8D1 = {
						CreatedOnToolsVersion = 15.4;
						TestTargetID = D3FA96A62D0119400058C8D1;
					};
				};
			};
			buildConfigurationList = D3FA96A22D0119400058C8D1 /* Build configuration list for PBXProject "Momtaz-IOS" */;
			compatibilityVersion = "Xcode 14.0";
			developmentRegion = en;
			hasScannedForEncodings = 0;
			knownRegions = (
				en,
				Base,
			);
			mainGroup = D3FA969E2D0119400058C8D1;
			productRefGroup = D3FA96A82D0119400058C8D1 /* Products */;
			projectDirPath = "";
			projectRoot = "";
			targets = (
				D3FA96A62D0119400058C8D1 /* Momtaz-IOS */,
				D3FA96BF2D0119420058C8D1 /* Momtaz-IOSTests */,
				D3FA96C92D0119420058C8D1 /* Momtaz-IOSUITests */,
			);
		};
/* End PBXProject section */

/* Begin PBXResourcesBuildPhase section */
		D3FA96A52D0119400058C8D1 /* Resources */ = {
			isa = PBXResourcesBuildPhase;
			buildActionMask = 2147483647;
			files = (
				D3DB46A02D2B519F004C1DA8 /* ShowReviewViewController.xib in Resources */,
				D3DB46AD2D2B628D004C1DA8 /* ChangeLessonDateViewController.xib in Resources */,
				D37DD9E22D43E2CC006FF563 /* StudentTableViewCell.xib in Resources */,
				D356C07F2D463797004767FE /* ReportTableViewCell.xib in Resources */,
				D3DC39F12D134F3600E98447 /* ReservationsViewController.xib in Resources */,
				D3DC39ED2D134F2700E98447 /* ReportsViewController.xib in Resources */,
				D3DC39E92D134F0C00E98447 /* StudentsViewController.xib in Resources */,
				D3DB46A62D2B5BD8004C1DA8 /* AddReviewViewController.xib in Resources */,
				D3DC39F52D134F4400E98447 /* WorkAgendaViewController.xib in Resources */,
				D3FC797A2D29B934000B821E /* WorkAgendaDetailsViewController.xib in Resources */,
				D3AA2E9E2D3F63BB00641025 /* teacherBookingTableViewCell.xib in Resources */,
				D3A01B042D05D891008AE4A0 /* ForgetPasswordViewController.xib in Resources */,
				D392D64D2D3082710063B447 /* DateTableViewCell.xib in Resources */,
				D3A01AF82D05D613008AE4A0 /* LoginViewController.xib in Resources */,
				D3FA96B72D0119420058C8D1 /* Assets.xcassets in Resources */,
				D3A45DBB2D3FA7A500168C38 /* ClassBillViewController.xib in Resources */,
				D3FA96BA2D0119420058C8D1 /* Base in Resources */,
				D3A01AFE2D05D786008AE4A0 /* SignUpViewController.xib in Resources */,
				D32C2AFC2D416838004B6022 /* ReservationDetailsViewController.xib in Resources */,
				D3FA96EB2D0122AD0058C8D1 /* RoundedTextField.xib in Resources */,
				D36599342D1E9BE40062B09C /* LessonTableViewCell.xib in Resources */,
				D342E33C2D2EB6850025EDFE /* StudentDetailsView.xib in Resources */,
			);
			runOnlyForDeploymentPostprocessing = 0;
		};
		D3FA96BE2D0119420058C8D1 /* Resources */ = {
			isa = PBXResourcesBuildPhase;
			buildActionMask = 2147483647;
			files = (
			);
			runOnlyForDeploymentPostprocessing = 0;
		};
		D3FA96C82D0119420058C8D1 /* Resources */ = {
			isa = PBXResourcesBuildPhase;
			buildActionMask = 2147483647;
			files = (
			);
			runOnlyForDeploymentPostprocessing = 0;
		};
/* End PBXResourcesBuildPhase section */

/* Begin PBXShellScriptBuildPhase section */
		03F7CAD721755839185042D1 /* [CP] Check Pods Manifest.lock */ = {
			isa = PBXShellScriptBuildPhase;
			buildActionMask = 2147483647;
			files = (
			);
			inputFileListPaths = (
			);
			inputPaths = (
				"${PODS_PODFILE_DIR_PATH}/Podfile.lock",
				"${PODS_ROOT}/Manifest.lock",
			);
			name = "[CP] Check Pods Manifest.lock";
			outputFileListPaths = (
			);
			outputPaths = (
				"$(DERIVED_FILE_DIR)/Pods-Momtaz-IOS-checkManifestLockResult.txt",
			);
			runOnlyForDeploymentPostprocessing = 0;
			shellPath = /bin/sh;
			shellScript = "diff \"${PODS_PODFILE_DIR_PATH}/Podfile.lock\" \"${PODS_ROOT}/Manifest.lock\" > /dev/null\nif [ $? != 0 ] ; then\n    # print error to STDERR\n    echo \"error: The sandbox is not in sync with the Podfile.lock. Run 'pod install' or update your CocoaPods installation.\" >&2\n    exit 1\nfi\n# This output is used by Xcode 'outputs' to avoid re-running this script phase.\necho \"SUCCESS\" > \"${SCRIPT_OUTPUT_FILE_0}\"\n";
			showEnvVarsInLog = 0;
		};
		D04CB8168C9F1555ACB5C83D /* [CP] Embed Pods Frameworks */ = {
			isa = PBXShellScriptBuildPhase;
			buildActionMask = 2147483647;
			files = (
			);
			inputFileListPaths = (
				"${PODS_ROOT}/Target Support Files/Pods-Momtaz-IOS/Pods-Momtaz-IOS-frameworks-${CONFIGURATION}-input-files.xcfilelist",
			);
			name = "[CP] Embed Pods Frameworks";
			outputFileListPaths = (
				"${PODS_ROOT}/Target Support Files/Pods-Momtaz-IOS/Pods-Momtaz-IOS-frameworks-${CONFIGURATION}-output-files.xcfilelist",
			);
			runOnlyForDeploymentPostprocessing = 0;
			shellPath = /bin/sh;
			shellScript = "\"${PODS_ROOT}/Target Support Files/Pods-Momtaz-IOS/Pods-Momtaz-IOS-frameworks.sh\"\n";
			showEnvVarsInLog = 0;
		};
/* End PBXShellScriptBuildPhase section */

/* Begin PBXSourcesBuildPhase section */
		D3FA96A32D0119400058C8D1 /* Sources */ = {
			isa = PBXSourcesBuildPhase;
			buildActionMask = 2147483647;
			files = (
				D392D64F2D3086200063B447 /* AvailabileLessonTimePerDayResponse.swift in Sources */,
				D31B21692D25CCB000E95862 /* HelperFunctions.swift in Sources */,
				D3DC39D62D133F4A00E98447 /* SignUpResponse.swift in Sources */,
				D31B21652D24478C00E95862 /* WorkAgendaViewModel.swift in Sources */,
				D3DB469F2D2B519F004C1DA8 /* ShowReviewViewController.swift in Sources */,
				D32C2AFE2D4171DD004B6022 /* ReservationDetailsViewModel.swift in Sources */,
				D3C17B2D2D10805A0018BDE5 /* NetworkManager.swift in Sources */,
				D3AA2E9F2D3F63BB00641025 /* teacherBookingTableViewCell.swift in Sources */,
				D356C0842D468079004767FE /* ReportsViewModel.swift in Sources */,
				D3C17B352D10C2340018BDE5 /* LogInResponse.swift in Sources */,
				D356C0802D463797004767FE /* ReportTableViewCell.swift in Sources */,
				D36599352D1E9BE40062B09C /* LessonTableViewCell.swift in Sources */,
				D3DC39F62D134F4400E98447 /* WorkAgendaViewController.swift in Sources */,
				D342E3402D2F684A0025EDFE /* AddReportResponse.swift in Sources */,
				D342E33E2D2F62770025EDFE /* AddReviewViewModel.swift in Sources */,
				D3FA96DF2D011EC30058C8D1 /* Constants.swift in Sources */,
				D3DB46AF2D2B684A004C1DA8 /* imageViewExtentions.swift in Sources */,
				D37DD9E62D43FBE6006FF563 /* StudentsViewModel.swift in Sources */,
				D3DC39D92D134DE300E98447 /* MainTabBar.swift in Sources */,
				D3A01AF72D05D613008AE4A0 /* LoginViewController.swift in Sources */,
				D30FD6CF2D04AFBF00F7AAC7 /* AuthNavigationController.swift in Sources */,
				D31B21672D25C4A200E95862 /* DateFormatterHelper.swift in Sources */,
				D32C2B002D4197ED004B6022 /* DeleteBookingResponse.swift in Sources */,
				D3AA2E9B2D3F455100641025 /* notHavebookings.swift in Sources */,
				D3DB46A52D2B5BD8004C1DA8 /* AddReviewViewController.swift in Sources */,
				D36E516A2D145FFF007BECC7 /* MainNavigationController.swift in Sources */,
				D37F46212D2CE20E001E294A /* NotificationCenterExtentions.swift in Sources */,
				D36E516C2D1481B1007BECC7 /* CustomBadgeButtonView.swift in Sources */,
				D3AA2E962D3F2C7100641025 /* TeacherBookingsResponse.swift in Sources */,
				D3D1A1652D260573003B16E5 /* ConnectivityManager.swift in Sources */,
				D31C8DFD2D061B4C00A8EA1A /* SignUpViewModel.swift in Sources */,
				D3DB46AC2D2B628D004C1DA8 /* ChangeLessonDateViewController.swift in Sources */,
				D37DD9E42D43E7D4006FF563 /* TeacherStudentsResponse.swift in Sources */,
				D3DC39F22D134F3600E98447 /* ReservationsViewController.swift in Sources */,
				D3C17B312D10807C0018BDE5 /* UserDefaults.swift in Sources */,
				D3DB46B32D2B85B9004C1DA8 /* buttonExtentions.swift in Sources */,
				D356C0822D46426F004767FE /* ReportsResponse.swift in Sources */,
				D37DD9E12D43E2CC006FF563 /* StudentTableViewCell.swift in Sources */,
				D3FA96B52D0119400058C8D1 /* Momtaz_IOS.xcdatamodeld in Sources */,
				D3A01B032D05D891008AE4A0 /* ForgetPasswordViewController.swift in Sources */,
				D32C2AFB2D416838004B6022 /* ReservationDetailsViewController.swift in Sources */,
				D3D1A1692D262383003B16E5 /* NoInternetView.swift in Sources */,
				D342E33A2D2EB6740025EDFE /* StudentDetailsView.swift in Sources */,
				D38262AF2D041F980086CB1E /* Alert.swift in Sources */,
				D3A01AFD2D05D786008AE4A0 /* SignUpViewController.swift in Sources */,
				D3A45DBA2D3FA7A500168C38 /* ClassBillViewController.swift in Sources */,
				D31B21632D1EA37600E95862 /* LessonResponse.swift in Sources */,
				D3FA96AB2D0119400058C8D1 /* AppDelegate.swift in Sources */,
				D3A45DBD2D3FCBB300168C38 /* reservationViewModel.swift in Sources */,
				D3FA96AD2D0119400058C8D1 /* SceneDelegate.swift in Sources */,
				D37F461E2D2CC6FF001E294A /* CustomBannerView.swift in Sources */,
				D392D64C2D3082710063B447 /* DateTableViewCell.swift in Sources */,
				D3FC797B2D29B934000B821E /* WorkAgendaDetailsViewController.swift in Sources */,
				D3C17B2B2D10804D0018BDE5 /* NetworkManagerProtocol.swift in Sources */,
				D392D6512D308AF10063B447 /* ChangeLessonDateViewModel.swift in Sources */,
				D31C8DFB2D061A7800A8EA1A /* LoginViewModel.swift in Sources */,
				D3DB46B62D2B8F95004C1DA8 /* WorkAgendaDetailsViewModel.swift in Sources */,
				D3A5DF432D31F8490080E807 /* UpdateLessonDateResponse.swift in Sources */,
				D31C8DF52D060F3C00A8EA1A /* ValidationService.swift in Sources */,
				D31C8DF72D060F7D00A8EA1A /* ValidationError.swift in Sources */,
				D3D1A16B2D2646DE003B16E5 /* NoLessonsToDay.swift in Sources */,
				D3C17B2F2D10806C0018BDE5 /* URLs.swift in Sources */,
				D3FA96ED2D0122D70058C8D1 /* RoundedTextField.swift in Sources */,
				D3FA96E12D011F490058C8D1 /* UiViewController+Extentions.swift in Sources */,
				D3DC39EE2D134F2700E98447 /* ReportsViewController.swift in Sources */,
				D31C8DF92D06128C00A8EA1A /* RegularExcepression.swift in Sources */,
				D3DC39EA2D134F0C00E98447 /* StudentsViewController.swift in Sources */,
				D3FA96EF2D0123850058C8D1 /* NibLoadedView.swift in Sources */,
			);
			runOnlyForDeploymentPostprocessing = 0;
		};
		D3FA96BC2D0119420058C8D1 /* Sources */ = {
			isa = PBXSourcesBuildPhase;
			buildActionMask = 2147483647;
			files = (
				D3FA96C52D0119420058C8D1 /* Momtaz_IOSTests.swift in Sources */,
			);
			runOnlyForDeploymentPostprocessing = 0;
		};
		D3FA96C62D0119420058C8D1 /* Sources */ = {
			isa = PBXSourcesBuildPhase;
			buildActionMask = 2147483647;
			files = (
				D3FA96D12D0119420058C8D1 /* Momtaz_IOSUITestsLaunchTests.swift in Sources */,
				D3FA96CF2D0119420058C8D1 /* Momtaz_IOSUITests.swift in Sources */,
			);
			runOnlyForDeploymentPostprocessing = 0;
		};
/* End PBXSourcesBuildPhase section */

/* Begin PBXTargetDependency section */
		D3FA96C22D0119420058C8D1 /* PBXTargetDependency */ = {
			isa = PBXTargetDependency;
			target = D3FA96A62D0119400058C8D1 /* Momtaz-IOS */;
			targetProxy = D3FA96C12D0119420058C8D1 /* PBXContainerItemProxy */;
		};
		D3FA96CC2D0119420058C8D1 /* PBXTargetDependency */ = {
			isa = PBXTargetDependency;
			target = D3FA96A62D0119400058C8D1 /* Momtaz-IOS */;
			targetProxy = D3FA96CB2D0119420058C8D1 /* PBXContainerItemProxy */;
		};
/* End PBXTargetDependency section */

/* Begin PBXVariantGroup section */
		D3FA96B82D0119420058C8D1 /* LaunchScreen.storyboard */ = {
			isa = PBXVariantGroup;
			children = (
				D3FA96B92D0119420058C8D1 /* Base */,
			);
			name = LaunchScreen.storyboard;
			sourceTree = "<group>";
		};
/* End PBXVariantGroup section */

/* Begin XCBuildConfiguration section */
		D3FA96D22D0119420058C8D1 /* Debug */ = {
			isa = XCBuildConfiguration;
			buildSettings = {
				ALWAYS_SEARCH_USER_PATHS = NO;
				ASSETCATALOG_COMPILER_GENERATE_SWIFT_ASSET_SYMBOL_EXTENSIONS = YES;
				CLANG_ANALYZER_NONNULL = YES;
				CLANG_ANALYZER_NUMBER_OBJECT_CONVERSION = YES_AGGRESSIVE;
				CLANG_CXX_LANGUAGE_STANDARD = "gnu++20";
				CLANG_ENABLE_MODULES = YES;
				CLANG_ENABLE_OBJC_ARC = YES;
				CLANG_ENABLE_OBJC_WEAK = YES;
				CLANG_WARN_BLOCK_CAPTURE_AUTORELEASING = YES;
				CLANG_WARN_BOOL_CONVERSION = YES;
				CLANG_WARN_COMMA = YES;
				CLANG_WARN_CONSTANT_CONVERSION = YES;
				CLANG_WARN_DEPRECATED_OBJC_IMPLEMENTATIONS = YES;
				CLANG_WARN_DIRECT_OBJC_ISA_USAGE = YES_ERROR;
				CLANG_WARN_DOCUMENTATION_COMMENTS = YES;
				CLANG_WARN_EMPTY_BODY = YES;
				CLANG_WARN_ENUM_CONVERSION = YES;
				CLANG_WARN_INFINITE_RECURSION = YES;
				CLANG_WARN_INT_CONVERSION = YES;
				CLANG_WARN_NON_LITERAL_NULL_CONVERSION = YES;
				CLANG_WARN_OBJC_IMPLICIT_RETAIN_SELF = YES;
				CLANG_WARN_OBJC_LITERAL_CONVERSION = YES;
				CLANG_WARN_OBJC_ROOT_CLASS = YES_ERROR;
				CLANG_WARN_QUOTED_INCLUDE_IN_FRAMEWORK_HEADER = YES;
				CLANG_WARN_RANGE_LOOP_ANALYSIS = YES;
				CLANG_WARN_STRICT_PROTOTYPES = YES;
				CLANG_WARN_SUSPICIOUS_MOVE = YES;
				CLANG_WARN_UNGUARDED_AVAILABILITY = YES_AGGRESSIVE;
				CLANG_WARN_UNREACHABLE_CODE = YES;
				CLANG_WARN__DUPLICATE_METHOD_MATCH = YES;
				COPY_PHASE_STRIP = NO;
				DEBUG_INFORMATION_FORMAT = dwarf;
				ENABLE_STRICT_OBJC_MSGSEND = YES;
				ENABLE_TESTABILITY = YES;
				ENABLE_USER_SCRIPT_SANDBOXING = YES;
				GCC_C_LANGUAGE_STANDARD = gnu17;
				GCC_DYNAMIC_NO_PIC = NO;
				GCC_NO_COMMON_BLOCKS = YES;
				GCC_OPTIMIZATION_LEVEL = 0;
				GCC_PREPROCESSOR_DEFINITIONS = (
					"DEBUG=1",
					"$(inherited)",
				);
				GCC_WARN_64_TO_32_BIT_CONVERSION = YES;
				GCC_WARN_ABOUT_RETURN_TYPE = YES_ERROR;
				GCC_WARN_UNDECLARED_SELECTOR = YES;
				GCC_WARN_UNINITIALIZED_AUTOS = YES_AGGRESSIVE;
				GCC_WARN_UNUSED_FUNCTION = YES;
				GCC_WARN_UNUSED_VARIABLE = YES;
				IPHONEOS_DEPLOYMENT_TARGET = 17.5;
				LOCALIZATION_PREFERS_STRING_CATALOGS = YES;
				MTL_ENABLE_DEBUG_INFO = INCLUDE_SOURCE;
				MTL_FAST_MATH = YES;
				ONLY_ACTIVE_ARCH = YES;
				SDKROOT = iphoneos;
				SWIFT_ACTIVE_COMPILATION_CONDITIONS = "DEBUG $(inherited)";
				SWIFT_OPTIMIZATION_LEVEL = "-Onone";
			};
			name = Debug;
		};
		D3FA96D32D0119420058C8D1 /* Release */ = {
			isa = XCBuildConfiguration;
			buildSettings = {
				ALWAYS_SEARCH_USER_PATHS = NO;
				ASSETCATALOG_COMPILER_GENERATE_SWIFT_ASSET_SYMBOL_EXTENSIONS = YES;
				CLANG_ANALYZER_NONNULL = YES;
				CLANG_ANALYZER_NUMBER_OBJECT_CONVERSION = YES_AGGRESSIVE;
				CLANG_CXX_LANGUAGE_STANDARD = "gnu++20";
				CLANG_ENABLE_MODULES = YES;
				CLANG_ENABLE_OBJC_ARC = YES;
				CLANG_ENABLE_OBJC_WEAK = YES;
				CLANG_WARN_BLOCK_CAPTURE_AUTORELEASING = YES;
				CLANG_WARN_BOOL_CONVERSION = YES;
				CLANG_WARN_COMMA = YES;
				CLANG_WARN_CONSTANT_CONVERSION = YES;
				CLANG_WARN_DEPRECATED_OBJC_IMPLEMENTATIONS = YES;
				CLANG_WARN_DIRECT_OBJC_ISA_USAGE = YES_ERROR;
				CLANG_WARN_DOCUMENTATION_COMMENTS = YES;
				CLANG_WARN_EMPTY_BODY = YES;
				CLANG_WARN_ENUM_CONVERSION = YES;
				CLANG_WARN_INFINITE_RECURSION = YES;
				CLANG_WARN_INT_CONVERSION = YES;
				CLANG_WARN_NON_LITERAL_NULL_CONVERSION = YES;
				CLANG_WARN_OBJC_IMPLICIT_RETAIN_SELF = YES;
				CLANG_WARN_OBJC_LITERAL_CONVERSION = YES;
				CLANG_WARN_OBJC_ROOT_CLASS = YES_ERROR;
				CLANG_WARN_QUOTED_INCLUDE_IN_FRAMEWORK_HEADER = YES;
				CLANG_WARN_RANGE_LOOP_ANALYSIS = YES;
				CLANG_WARN_STRICT_PROTOTYPES = YES;
				CLANG_WARN_SUSPICIOUS_MOVE = YES;
				CLANG_WARN_UNGUARDED_AVAILABILITY = YES_AGGRESSIVE;
				CLANG_WARN_UNREACHABLE_CODE = YES;
				CLANG_WARN__DUPLICATE_METHOD_MATCH = YES;
				COPY_PHASE_STRIP = NO;
				DEBUG_INFORMATION_FORMAT = "dwarf-with-dsym";
				ENABLE_NS_ASSERTIONS = NO;
				ENABLE_STRICT_OBJC_MSGSEND = YES;
				ENABLE_USER_SCRIPT_SANDBOXING = YES;
				GCC_C_LANGUAGE_STANDARD = gnu17;
				GCC_NO_COMMON_BLOCKS = YES;
				GCC_WARN_64_TO_32_BIT_CONVERSION = YES;
				GCC_WARN_ABOUT_RETURN_TYPE = YES_ERROR;
				GCC_WARN_UNDECLARED_SELECTOR = YES;
				GCC_WARN_UNINITIALIZED_AUTOS = YES_AGGRESSIVE;
				GCC_WARN_UNUSED_FUNCTION = YES;
				GCC_WARN_UNUSED_VARIABLE = YES;
				IPHONEOS_DEPLOYMENT_TARGET = 17.5;
				LOCALIZATION_PREFERS_STRING_CATALOGS = YES;
				MTL_ENABLE_DEBUG_INFO = NO;
				MTL_FAST_MATH = YES;
				SDKROOT = iphoneos;
				SWIFT_COMPILATION_MODE = wholemodule;
				VALIDATE_PRODUCT = YES;
			};
			name = Release;
		};
		D3FA96D52D0119420058C8D1 /* Debug */ = {
			isa = XCBuildConfiguration;
			baseConfigurationReference = E62FF1B1E5691D04DDCB1038 /* Pods-Momtaz-IOS.debug.xcconfig */;
			buildSettings = {
				ASSETCATALOG_COMPILER_APPICON_NAME = AppIcon;
				ASSETCATALOG_COMPILER_GLOBAL_ACCENT_COLOR_NAME = AccentColor;
				CODE_SIGN_STYLE = Automatic;
				CURRENT_PROJECT_VERSION = 1;
				DEVELOPMENT_TEAM = Y9WFT4L662;
				GENERATE_INFOPLIST_FILE = YES;
				INFOPLIST_FILE = "Momtaz-IOS/Info.plist";
				INFOPLIST_KEY_UIApplicationSupportsIndirectInputEvents = YES;
				INFOPLIST_KEY_UILaunchStoryboardName = LaunchScreen;
				INFOPLIST_KEY_UISupportedInterfaceOrientations_iPad = "UIInterfaceOrientationPortrait UIInterfaceOrientationPortraitUpsideDown UIInterfaceOrientationLandscapeLeft UIInterfaceOrientationLandscapeRight";
				INFOPLIST_KEY_UISupportedInterfaceOrientations_iPhone = "UIInterfaceOrientationPortrait UIInterfaceOrientationLandscapeLeft UIInterfaceOrientationLandscapeRight";
				IPHONEOS_DEPLOYMENT_TARGET = 14.0;
				LD_RUNPATH_SEARCH_PATHS = (
					"$(inherited)",
					"@executable_path/Frameworks",
				);
				MARKETING_VERSION = 1.0;
				PRODUCT_BUNDLE_IDENTIFIER = "Mohamed-Abd-Elhakam.Momtaz-IOS";
				PRODUCT_NAME = "$(TARGET_NAME)";
				SWIFT_EMIT_LOC_STRINGS = YES;
				SWIFT_VERSION = 5.0;
				TARGETED_DEVICE_FAMILY = "1,2";
			};
			name = Debug;
		};
		D3FA96D62D0119420058C8D1 /* Release */ = {
			isa = XCBuildConfiguration;
			baseConfigurationReference = 2894F7C6E0246F0D8E727EC8 /* Pods-Momtaz-IOS.release.xcconfig */;
			buildSettings = {
				ASSETCATALOG_COMPILER_APPICON_NAME = AppIcon;
				ASSETCATALOG_COMPILER_GLOBAL_ACCENT_COLOR_NAME = AccentColor;
				CODE_SIGN_STYLE = Automatic;
				CURRENT_PROJECT_VERSION = 1;
				DEVELOPMENT_TEAM = Y9WFT4L662;
				GENERATE_INFOPLIST_FILE = YES;
				INFOPLIST_FILE = "Momtaz-IOS/Info.plist";
				INFOPLIST_KEY_UIApplicationSupportsIndirectInputEvents = YES;
				INFOPLIST_KEY_UILaunchStoryboardName = LaunchScreen;
				INFOPLIST_KEY_UISupportedInterfaceOrientations_iPad = "UIInterfaceOrientationPortrait UIInterfaceOrientationPortraitUpsideDown UIInterfaceOrientationLandscapeLeft UIInterfaceOrientationLandscapeRight";
				INFOPLIST_KEY_UISupportedInterfaceOrientations_iPhone = "UIInterfaceOrientationPortrait UIInterfaceOrientationLandscapeLeft UIInterfaceOrientationLandscapeRight";
				IPHONEOS_DEPLOYMENT_TARGET = 14.0;
				LD_RUNPATH_SEARCH_PATHS = (
					"$(inherited)",
					"@executable_path/Frameworks",
				);
				MARKETING_VERSION = 1.0;
				PRODUCT_BUNDLE_IDENTIFIER = "Mohamed-Abd-Elhakam.Momtaz-IOS";
				PRODUCT_NAME = "$(TARGET_NAME)";
				SWIFT_EMIT_LOC_STRINGS = YES;
				SWIFT_VERSION = 5.0;
				TARGETED_DEVICE_FAMILY = "1,2";
			};
			name = Release;
		};
		D3FA96D82D0119420058C8D1 /* Debug */ = {
			isa = XCBuildConfiguration;
			buildSettings = {
				ALWAYS_EMBED_SWIFT_STANDARD_LIBRARIES = YES;
				BUNDLE_LOADER = "$(TEST_HOST)";
				CODE_SIGN_STYLE = Automatic;
				CURRENT_PROJECT_VERSION = 1;
				DEVELOPMENT_TEAM = Y9WFT4L662;
				GENERATE_INFOPLIST_FILE = YES;
				IPHONEOS_DEPLOYMENT_TARGET = 17.5;
				MARKETING_VERSION = 1.0;
				PRODUCT_BUNDLE_IDENTIFIER = "Mohamed-Abd-Elhakam.Momtaz-IOSTests";
				PRODUCT_NAME = "$(TARGET_NAME)";
				SWIFT_EMIT_LOC_STRINGS = NO;
				SWIFT_VERSION = 5.0;
				TARGETED_DEVICE_FAMILY = "1,2";
				TEST_HOST = "$(BUILT_PRODUCTS_DIR)/Momtaz-IOS.app/$(BUNDLE_EXECUTABLE_FOLDER_PATH)/Momtaz-IOS";
			};
			name = Debug;
		};
		D3FA96D92D0119420058C8D1 /* Release */ = {
			isa = XCBuildConfiguration;
			buildSettings = {
				ALWAYS_EMBED_SWIFT_STANDARD_LIBRARIES = YES;
				BUNDLE_LOADER = "$(TEST_HOST)";
				CODE_SIGN_STYLE = Automatic;
				CURRENT_PROJECT_VERSION = 1;
				DEVELOPMENT_TEAM = Y9WFT4L662;
				GENERATE_INFOPLIST_FILE = YES;
				IPHONEOS_DEPLOYMENT_TARGET = 17.5;
				MARKETING_VERSION = 1.0;
				PRODUCT_BUNDLE_IDENTIFIER = "Mohamed-Abd-Elhakam.Momtaz-IOSTests";
				PRODUCT_NAME = "$(TARGET_NAME)";
				SWIFT_EMIT_LOC_STRINGS = NO;
				SWIFT_VERSION = 5.0;
				TARGETED_DEVICE_FAMILY = "1,2";
				TEST_HOST = "$(BUILT_PRODUCTS_DIR)/Momtaz-IOS.app/$(BUNDLE_EXECUTABLE_FOLDER_PATH)/Momtaz-IOS";
			};
			name = Release;
		};
		D3FA96DB2D0119420058C8D1 /* Debug */ = {
			isa = XCBuildConfiguration;
			buildSettings = {
				ALWAYS_EMBED_SWIFT_STANDARD_LIBRARIES = YES;
				CODE_SIGN_STYLE = Automatic;
				CURRENT_PROJECT_VERSION = 1;
				DEVELOPMENT_TEAM = Y9WFT4L662;
				GENERATE_INFOPLIST_FILE = YES;
				MARKETING_VERSION = 1.0;
				PRODUCT_BUNDLE_IDENTIFIER = "Mohamed-Abd-Elhakam.Momtaz-IOSUITests";
				PRODUCT_NAME = "$(TARGET_NAME)";
				SWIFT_EMIT_LOC_STRINGS = NO;
				SWIFT_VERSION = 5.0;
				TARGETED_DEVICE_FAMILY = "1,2";
				TEST_TARGET_NAME = "Momtaz-IOS";
			};
			name = Debug;
		};
		D3FA96DC2D0119420058C8D1 /* Release */ = {
			isa = XCBuildConfiguration;
			buildSettings = {
				ALWAYS_EMBED_SWIFT_STANDARD_LIBRARIES = YES;
				CODE_SIGN_STYLE = Automatic;
				CURRENT_PROJECT_VERSION = 1;
				DEVELOPMENT_TEAM = Y9WFT4L662;
				GENERATE_INFOPLIST_FILE = YES;
				MARKETING_VERSION = 1.0;
				PRODUCT_BUNDLE_IDENTIFIER = "Mohamed-Abd-Elhakam.Momtaz-IOSUITests";
				PRODUCT_NAME = "$(TARGET_NAME)";
				SWIFT_EMIT_LOC_STRINGS = NO;
				SWIFT_VERSION = 5.0;
				TARGETED_DEVICE_FAMILY = "1,2";
				TEST_TARGET_NAME = "Momtaz-IOS";
			};
			name = Release;
		};
/* End XCBuildConfiguration section */

/* Begin XCConfigurationList section */
		D3FA96A22D0119400058C8D1 /* Build configuration list for PBXProject "Momtaz-IOS" */ = {
			isa = XCConfigurationList;
			buildConfigurations = (
				D3FA96D22D0119420058C8D1 /* Debug */,
				D3FA96D32D0119420058C8D1 /* Release */,
			);
			defaultConfigurationIsVisible = 0;
			defaultConfigurationName = Release;
		};
		D3FA96D42D0119420058C8D1 /* Build configuration list for PBXNativeTarget "Momtaz-IOS" */ = {
			isa = XCConfigurationList;
			buildConfigurations = (
				D3FA96D52D0119420058C8D1 /* Debug */,
				D3FA96D62D0119420058C8D1 /* Release */,
			);
			defaultConfigurationIsVisible = 0;
			defaultConfigurationName = Release;
		};
		D3FA96D72D0119420058C8D1 /* Build configuration list for PBXNativeTarget "Momtaz-IOSTests" */ = {
			isa = XCConfigurationList;
			buildConfigurations = (
				D3FA96D82D0119420058C8D1 /* Debug */,
				D3FA96D92D0119420058C8D1 /* Release */,
			);
			defaultConfigurationIsVisible = 0;
			defaultConfigurationName = Release;
		};
		D3FA96DA2D0119420058C8D1 /* Build configuration list for PBXNativeTarget "Momtaz-IOSUITests" */ = {
			isa = XCConfigurationList;
			buildConfigurations = (
				D3FA96DB2D0119420058C8D1 /* Debug */,
				D3FA96DC2D0119420058C8D1 /* Release */,
			);
			defaultConfigurationIsVisible = 0;
			defaultConfigurationName = Release;
		};
/* End XCConfigurationList section */

/* Begin XCVersionGroup section */
		D3FA96B32D0119400058C8D1 /* Momtaz_IOS.xcdatamodeld */ = {
			isa = XCVersionGroup;
			children = (
				D3FA96B42D0119400058C8D1 /* Momtaz_IOS.xcdatamodel */,
			);
			currentVersion = D3FA96B42D0119400058C8D1 /* Momtaz_IOS.xcdatamodel */;
			path = Momtaz_IOS.xcdatamodeld;
			sourceTree = "<group>";
			versionGroupType = wrapper.xcdatamodel;
		};
/* End XCVersionGroup section */
	};
	rootObject = D3FA969F2D0119400058C8D1 /* Project object */;
}
